// !$*UTF8*$!
{
	archiveVersion = 1;
	classes = {
	};
	objectVersion = 50;
	objects = {

/* Begin PBXBuildFile section */
		15D425763A63EA5B054F66CA /* Pods_DNA_iOS.framework in Frameworks */ = {isa = PBXBuildFile; fileRef = D5844C988C44009AA74EA525 /* Pods_DNA_iOS.framework */; };
		7209B78AC60C7ACECB3B6B4B /* Pods_DNA_iOS_CoreTests.framework in Frameworks */ = {isa = PBXBuildFile; fileRef = 451CD8B55C7042F65EF5752D /* Pods_DNA_iOS_CoreTests.framework */; };
		934064FD4D25E111931C542C /* Pods_DNA_iOS_ViewModelsTests.framework in Frameworks */ = {isa = PBXBuildFile; fileRef = E25836E7AD2688910A371301 /* Pods_DNA_iOS_ViewModelsTests.framework */; };
		ACA6A40870AA0AD88C4556BF /* Pods_DNA_iOS_Core.framework in Frameworks */ = {isa = PBXBuildFile; fileRef = 9B6FB7B6A4BC3FB91214DEE6 /* Pods_DNA_iOS_Core.framework */; };
		BA056B5522E25DE700364519 /* AppDelegate.swift in Sources */ = {isa = PBXBuildFile; fileRef = BA056B5422E25DE700364519 /* AppDelegate.swift */; };
		BA056B5722E25DE700364519 /* WeatherOverviewViewController.swift in Sources */ = {isa = PBXBuildFile; fileRef = BA056B5622E25DE700364519 /* WeatherOverviewViewController.swift */; };
		BA056B5A22E25DE700364519 /* Main.storyboard in Resources */ = {isa = PBXBuildFile; fileRef = BA056B5822E25DE700364519 /* Main.storyboard */; };
		BA056B5C22E25DE800364519 /* Assets.xcassets in Resources */ = {isa = PBXBuildFile; fileRef = BA056B5B22E25DE800364519 /* Assets.xcassets */; };
		BA056B5F22E25DE800364519 /* LaunchScreen.storyboard in Resources */ = {isa = PBXBuildFile; fileRef = BA056B5D22E25DE800364519 /* LaunchScreen.storyboard */; };
		BA056B6A22E25DE800364519 /* DNA_iOSTests.swift in Sources */ = {isa = PBXBuildFile; fileRef = BA056B6922E25DE800364519 /* DNA_iOSTests.swift */; };
		BA056B8222E2624B00364519 /* DNA_iOS_Core.framework in Frameworks */ = {isa = PBXBuildFile; fileRef = BA056B7922E2624B00364519 /* DNA_iOS_Core.framework */; };
		BA056B8922E2624B00364519 /* DNA_iOS_CoreTests.swift in Sources */ = {isa = PBXBuildFile; fileRef = BA056B8822E2624B00364519 /* DNA_iOS_CoreTests.swift */; };
		BA056B8E22E2624B00364519 /* DNA_iOS_Core.framework in Frameworks */ = {isa = PBXBuildFile; fileRef = BA056B7922E2624B00364519 /* DNA_iOS_Core.framework */; };
		BA056B8F22E2624B00364519 /* DNA_iOS_Core.framework in Embed Frameworks */ = {isa = PBXBuildFile; fileRef = BA056B7922E2624B00364519 /* DNA_iOS_Core.framework */; settings = {ATTRIBUTES = (CodeSignOnCopy, RemoveHeadersOnCopy, ); }; };
		BA056BA522E2626200364519 /* DNA_iOS_ViewModels.framework in Frameworks */ = {isa = PBXBuildFile; fileRef = BA056B9C22E2626200364519 /* DNA_iOS_ViewModels.framework */; };
		BA056BAC22E2626200364519 /* DNA_iOS_ViewModelsTests.swift in Sources */ = {isa = PBXBuildFile; fileRef = BA056BAB22E2626200364519 /* DNA_iOS_ViewModelsTests.swift */; };
		BA056BB122E2626200364519 /* DNA_iOS_ViewModels.framework in Frameworks */ = {isa = PBXBuildFile; fileRef = BA056B9C22E2626200364519 /* DNA_iOS_ViewModels.framework */; };
		BA056BB222E2626200364519 /* DNA_iOS_ViewModels.framework in Embed Frameworks */ = {isa = PBXBuildFile; fileRef = BA056B9C22E2626200364519 /* DNA_iOS_ViewModels.framework */; settings = {ATTRIBUTES = (CodeSignOnCopy, RemoveHeadersOnCopy, ); }; };
		CF403BCD577FA1A3918CB68C /* Pods_DNA_iOSTests.framework in Frameworks */ = {isa = PBXBuildFile; fileRef = 49AD629F3996D47FC93B4D50 /* Pods_DNA_iOSTests.framework */; };
		CFA40E5C7767CF46F354BFFA /* Pods_DNA_iOS_ViewModels.framework in Frameworks */ = {isa = PBXBuildFile; fileRef = 5882EB8BDE1CD6BD8C0E5563 /* Pods_DNA_iOS_ViewModels.framework */; };
		EE169A6C22E739DD00554F0F /* IApiService.swift in Sources */ = {isa = PBXBuildFile; fileRef = EE169A6B22E739DD00554F0F /* IApiService.swift */; };
		EE169A6F22E73B0300554F0F /* ApiService.swift in Sources */ = {isa = PBXBuildFile; fileRef = EE169A6E22E73B0300554F0F /* ApiService.swift */; };
		EE169A7222E73BA000554F0F /* WeatherOverview.swift in Sources */ = {isa = PBXBuildFile; fileRef = EE169A7122E73BA000554F0F /* WeatherOverview.swift */; };
		EE169A7422E73BBF00554F0F /* WeatherCity.swift in Sources */ = {isa = PBXBuildFile; fileRef = EE169A7322E73BBF00554F0F /* WeatherCity.swift */; };
		EE169A7622E73BED00554F0F /* Coord.swift in Sources */ = {isa = PBXBuildFile; fileRef = EE169A7522E73BED00554F0F /* Coord.swift */; };
		EE169A7822E73C1900554F0F /* List.swift in Sources */ = {isa = PBXBuildFile; fileRef = EE169A7722E73C1900554F0F /* List.swift */; };
		EE169A7A22E73C4700554F0F /* Clouds.swift in Sources */ = {isa = PBXBuildFile; fileRef = EE169A7922E73C4700554F0F /* Clouds.swift */; };
		EE169A7C22E73C5A00554F0F /* MainClass.swift in Sources */ = {isa = PBXBuildFile; fileRef = EE169A7B22E73C5A00554F0F /* MainClass.swift */; };
		EE169A7E22E73C9100554F0F /* Snow.swift in Sources */ = {isa = PBXBuildFile; fileRef = EE169A7D22E73C9100554F0F /* Snow.swift */; };
		EE169A8022E73CA900554F0F /* Sys.swift in Sources */ = {isa = PBXBuildFile; fileRef = EE169A7F22E73CA900554F0F /* Sys.swift */; };
		EE169A8222E73CB800554F0F /* Pod.swift in Sources */ = {isa = PBXBuildFile; fileRef = EE169A8122E73CB800554F0F /* Pod.swift */; };
		EE169A8422E73CEA00554F0F /* Weather.swift in Sources */ = {isa = PBXBuildFile; fileRef = EE169A8322E73CEA00554F0F /* Weather.swift */; };
		EE169A8622E73D0400554F0F /* MainEnum.swift in Sources */ = {isa = PBXBuildFile; fileRef = EE169A8522E73D0400554F0F /* MainEnum.swift */; };
		EE169A8822E73D1E00554F0F /* Description.swift in Sources */ = {isa = PBXBuildFile; fileRef = EE169A8722E73D1E00554F0F /* Description.swift */; };
		EE169A8B22E73D7600554F0F /* Wind.swift in Sources */ = {isa = PBXBuildFile; fileRef = EE169A8A22E73D7600554F0F /* Wind.swift */; };
		EE169A9122E73F4500554F0F /* Startup.swift in Sources */ = {isa = PBXBuildFile; fileRef = EE169A9022E73F4500554F0F /* Startup.swift */; };
		EE169A9322E7401200554F0F /* ServiceLocator.swift in Sources */ = {isa = PBXBuildFile; fileRef = EE169A9222E7401200554F0F /* ServiceLocator.swift */; };
		EE169A9522E740A200554F0F /* main.swift in Sources */ = {isa = PBXBuildFile; fileRef = EE169A9422E740A200554F0F /* main.swift */; };
		EE169A9822E7445100554F0F /* IConfigurationProvider.swift in Sources */ = {isa = PBXBuildFile; fileRef = EE169A9722E7445100554F0F /* IConfigurationProvider.swift */; };
		EE169A9B22E7446800554F0F /* ConfigurationProvider.swift in Sources */ = {isa = PBXBuildFile; fileRef = EE169A9A22E7446800554F0F /* ConfigurationProvider.swift */; };
		EE169A9E22E7477400554F0F /* CoreError.swift in Sources */ = {isa = PBXBuildFile; fileRef = EE169A9D22E7477400554F0F /* CoreError.swift */; };
		EE169AA122E758AF00554F0F /* UIColor+App.swift in Sources */ = {isa = PBXBuildFile; fileRef = EE169AA022E758AF00554F0F /* UIColor+App.swift */; };
		EE8D934522E8437500A320FC /* ILocationManager.swift in Sources */ = {isa = PBXBuildFile; fileRef = EE8D934422E8437500A320FC /* ILocationManager.swift */; };
		EE8D934822E8443100A320FC /* LocationManager.swift in Sources */ = {isa = PBXBuildFile; fileRef = EE8D934722E8443100A320FC /* LocationManager.swift */; };
		EE8D934B22E8483700A320FC /* CLLocation+City.swift in Sources */ = {isa = PBXBuildFile; fileRef = EE8D934A22E8483700A320FC /* CLLocation+City.swift */; };
		EE8D934E22E8489D00A320FC /* City.swift in Sources */ = {isa = PBXBuildFile; fileRef = EE8D934D22E8489D00A320FC /* City.swift */; };
		EE8D935122E87A0300A320FC /* ICityRepository.swift in Sources */ = {isa = PBXBuildFile; fileRef = EE8D935022E87A0300A320FC /* ICityRepository.swift */; };
		EE8D935422E87A1900A320FC /* CityRepository.swift in Sources */ = {isa = PBXBuildFile; fileRef = EE8D935322E87A1900A320FC /* CityRepository.swift */; };
		EE8D935722E883F800A320FC /* Reachability.swift in Sources */ = {isa = PBXBuildFile; fileRef = EE8D935622E883F800A320FC /* Reachability.swift */; };
		EE8D937022E8936400A320FC /* VerticalWeatherCell.swift in Sources */ = {isa = PBXBuildFile; fileRef = EE8D936022E8936400A320FC /* VerticalWeatherCell.swift */; };
		EE8D937122E8936400A320FC /* WeatherSecondHeaderCell.swift in Sources */ = {isa = PBXBuildFile; fileRef = EE8D936122E8936400A320FC /* WeatherSecondHeaderCell.swift */; };
		EE8D937222E8936400A320FC /* WeatherTopHeaderCell.swift in Sources */ = {isa = PBXBuildFile; fileRef = EE8D936322E8936400A320FC /* WeatherTopHeaderCell.swift */; };
		EE8D937322E8936400A320FC /* ExtendedInfoCell.swift in Sources */ = {isa = PBXBuildFile; fileRef = EE8D936622E8936400A320FC /* ExtendedInfoCell.swift */; };
		EE8D937422E8936400A320FC /* ExtendedDetailCell.swift in Sources */ = {isa = PBXBuildFile; fileRef = EE8D936722E8936400A320FC /* ExtendedDetailCell.swift */; };
		EE8D937522E8936400A320FC /* WeatherCell.swift in Sources */ = {isa = PBXBuildFile; fileRef = EE8D936822E8936400A320FC /* WeatherCell.swift */; };
		EE8D937622E8936400A320FC /* TodayWeatherCell.swift in Sources */ = {isa = PBXBuildFile; fileRef = EE8D936A22E8936400A320FC /* TodayWeatherCell.swift */; };
		EE8D937722E8936400A320FC /* DailyDetailCell.swift in Sources */ = {isa = PBXBuildFile; fileRef = EE8D936C22E8936400A320FC /* DailyDetailCell.swift */; };
		EE8D937822E8936400A320FC /* DailyWeatherCell.swift in Sources */ = {isa = PBXBuildFile; fileRef = EE8D936D22E8936400A320FC /* DailyWeatherCell.swift */; };
		EE8D937A22E893F300A320FC /* UIView+Extension.swift in Sources */ = {isa = PBXBuildFile; fileRef = EE8D937922E893F300A320FC /* UIView+Extension.swift */; };
		EE8D937E22E894A800A320FC /* AutoFittingImageView.swift in Sources */ = {isa = PBXBuildFile; fileRef = EE8D937C22E894A800A320FC /* AutoFittingImageView.swift */; };
		EE8D937F22E894A800A320FC /* SeparationLineView.swift in Sources */ = {isa = PBXBuildFile; fileRef = EE8D937D22E894A800A320FC /* SeparationLineView.swift */; };
		EE8D938122E894C800A320FC /* WhiteLabel.swift in Sources */ = {isa = PBXBuildFile; fileRef = EE8D938022E894C800A320FC /* WhiteLabel.swift */; };
		EE8D938322E894DA00A320FC /* PassiveTextView.swift in Sources */ = {isa = PBXBuildFile; fileRef = EE8D938222E894D900A320FC /* PassiveTextView.swift */; };
		EE8D938522E8950100A320FC /* SemiTransparentLabel.swift in Sources */ = {isa = PBXBuildFile; fileRef = EE8D938422E8950100A320FC /* SemiTransparentLabel.swift */; };
		EE8D938722E895C500A320FC /* WeatherCollectionViewFlowLayout.swift in Sources */ = {isa = PBXBuildFile; fileRef = EE8D938622E895C400A320FC /* WeatherCollectionViewFlowLayout.swift */; };
		EE8D938922E8969200A320FC /* UIStackView+Extension.swift in Sources */ = {isa = PBXBuildFile; fileRef = EE8D938822E8969200A320FC /* UIStackView+Extension.swift */; };
		EE8D938B22E896F700A320FC /* WeatherController.swift in Sources */ = {isa = PBXBuildFile; fileRef = EE8D938A22E896F700A320FC /* WeatherController.swift */; };
		EE8D938E22E8977600A320FC /* IWeatherOverviewViewModel.swift in Sources */ = {isa = PBXBuildFile; fileRef = EE8D938D22E8977600A320FC /* IWeatherOverviewViewModel.swift */; };
		EE8D939122E8979700A320FC /* WeatherOverviewViewModel.swift in Sources */ = {isa = PBXBuildFile; fileRef = EE8D939022E8979700A320FC /* WeatherOverviewViewModel.swift */; };
		EE8D939322E897BB00A320FC /* Startup.swift in Sources */ = {isa = PBXBuildFile; fileRef = EE8D939222E897BB00A320FC /* Startup.swift */; };
		EE8D939622E89C8F00A320FC /* WeatherFormatable.swift in Sources */ = {isa = PBXBuildFile; fileRef = EE8D939522E89C8F00A320FC /* WeatherFormatable.swift */; };
		EE8D939822E89E8800A320FC /* Date+Extension.swift in Sources */ = {isa = PBXBuildFile; fileRef = EE8D939722E89E8800A320FC /* Date+Extension.swift */; };
		EE8D939C22E8A33800A320FC /* NSMutableAttribuedString+Extension.swift in Sources */ = {isa = PBXBuildFile; fileRef = EE8D939922E8A31100A320FC /* NSMutableAttribuedString+Extension.swift */; };
		EE8D93A222E8A60600A320FC /* WeatherItemViewModel.swift in Sources */ = {isa = PBXBuildFile; fileRef = EE8D93A122E8A60600A320FC /* WeatherItemViewModel.swift */; };
		EE8D93A422E8A6BF00A320FC /* ListItemViewModel.swift in Sources */ = {isa = PBXBuildFile; fileRef = EE8D93A322E8A6BF00A320FC /* ListItemViewModel.swift */; };
		EE8D93A722E8AC2E00A320FC /* ExtendedInfo.swift in Sources */ = {isa = PBXBuildFile; fileRef = EE8D93A522E8A8ED00A320FC /* ExtendedInfo.swift */; };
		EE8D93AF22E8B2C400A320FC /* ICommand.swift in Sources */ = {isa = PBXBuildFile; fileRef = EE8D93A922E8B2C400A320FC /* ICommand.swift */; };
		EE8D93B022E8B2C400A320FC /* Command.swift in Sources */ = {isa = PBXBuildFile; fileRef = EE8D93AB22E8B2C400A320FC /* Command.swift */; };
		EE8D93B122E8B2C400A320FC /* AsyncCommand.swift in Sources */ = {isa = PBXBuildFile; fileRef = EE8D93AC22E8B2C400A320FC /* AsyncCommand.swift */; };
		EE8D93B222E8B2C400A320FC /* CancellationToken.swift in Sources */ = {isa = PBXBuildFile; fileRef = EE8D93AD22E8B2C400A320FC /* CancellationToken.swift */; };
		EE8D93B322E8B2C400A320FC /* IAsyncCommand.swift in Sources */ = {isa = PBXBuildFile; fileRef = EE8D93AE22E8B2C400A320FC /* IAsyncCommand.swift */; };
		EE8D93B522E8B35200A320FC /* SetupWeatherOverviewCommand.swift in Sources */ = {isa = PBXBuildFile; fileRef = EE8D93B422E8B35200A320FC /* SetupWeatherOverviewCommand.swift */; };
		EE8D93B722E8B3FE00A320FC /* LoadWeatherOverviewCommand.swift in Sources */ = {isa = PBXBuildFile; fileRef = EE8D93B622E8B3FD00A320FC /* LoadWeatherOverviewCommand.swift */; };
/* End PBXBuildFile section */

/* Begin PBXContainerItemProxy section */
		BA056B6622E25DE800364519 /* PBXContainerItemProxy */ = {
			isa = PBXContainerItemProxy;
			containerPortal = BA056B4922E25DE600364519 /* Project object */;
			proxyType = 1;
			remoteGlobalIDString = BA056B5022E25DE600364519;
			remoteInfo = DNA.iOS;
		};
		BA056B8322E2624B00364519 /* PBXContainerItemProxy */ = {
			isa = PBXContainerItemProxy;
			containerPortal = BA056B4922E25DE600364519 /* Project object */;
			proxyType = 1;
			remoteGlobalIDString = BA056B7822E2624B00364519;
			remoteInfo = DNA.iOS.Core;
		};
		BA056B8C22E2624B00364519 /* PBXContainerItemProxy */ = {
			isa = PBXContainerItemProxy;
			containerPortal = BA056B4922E25DE600364519 /* Project object */;
			proxyType = 1;
			remoteGlobalIDString = BA056B7822E2624B00364519;
			remoteInfo = DNA.iOS.Core;
		};
		BA056BA622E2626200364519 /* PBXContainerItemProxy */ = {
			isa = PBXContainerItemProxy;
			containerPortal = BA056B4922E25DE600364519 /* Project object */;
			proxyType = 1;
			remoteGlobalIDString = BA056B9B22E2626200364519;
			remoteInfo = DNA.iOS.ViewModels;
		};
		BA056BAF22E2626200364519 /* PBXContainerItemProxy */ = {
			isa = PBXContainerItemProxy;
			containerPortal = BA056B4922E25DE600364519 /* Project object */;
			proxyType = 1;
			remoteGlobalIDString = BA056B9B22E2626200364519;
			remoteInfo = DNA.iOS.ViewModels;
		};
		EE8D939F22E8A58F00A320FC /* PBXContainerItemProxy */ = {
			isa = PBXContainerItemProxy;
			containerPortal = BA056B4922E25DE600364519 /* Project object */;
			proxyType = 1;
			remoteGlobalIDString = BA056B7822E2624B00364519;
			remoteInfo = DNA.iOS.Core;
		};
/* End PBXContainerItemProxy section */

/* Begin PBXCopyFilesBuildPhase section */
		BA056B9322E2624B00364519 /* Embed Frameworks */ = {
			isa = PBXCopyFilesBuildPhase;
			buildActionMask = 2147483647;
			dstPath = "";
			dstSubfolderSpec = 10;
			files = (
				BA056B8F22E2624B00364519 /* DNA_iOS_Core.framework in Embed Frameworks */,
				BA056BB222E2626200364519 /* DNA_iOS_ViewModels.framework in Embed Frameworks */,
			);
			name = "Embed Frameworks";
			runOnlyForDeploymentPostprocessing = 0;
		};
/* End PBXCopyFilesBuildPhase section */

/* Begin PBXFileReference section */
		23D847C7A92D8646CDB9D9F1 /* Pods-DNA.iOS.CoreTests.release.xcconfig */ = {isa = PBXFileReference; includeInIndex = 1; lastKnownFileType = text.xcconfig; name = "Pods-DNA.iOS.CoreTests.release.xcconfig"; path = "Target Support Files/Pods-DNA.iOS.CoreTests/Pods-DNA.iOS.CoreTests.release.xcconfig"; sourceTree = "<group>"; };
		39FACEC9621848E2DA0B90AB /* Pods-DNA.iOS.release.xcconfig */ = {isa = PBXFileReference; includeInIndex = 1; lastKnownFileType = text.xcconfig; name = "Pods-DNA.iOS.release.xcconfig"; path = "Target Support Files/Pods-DNA.iOS/Pods-DNA.iOS.release.xcconfig"; sourceTree = "<group>"; };
		451CD8B55C7042F65EF5752D /* Pods_DNA_iOS_CoreTests.framework */ = {isa = PBXFileReference; explicitFileType = wrapper.framework; includeInIndex = 0; path = Pods_DNA_iOS_CoreTests.framework; sourceTree = BUILT_PRODUCTS_DIR; };
		49AD629F3996D47FC93B4D50 /* Pods_DNA_iOSTests.framework */ = {isa = PBXFileReference; explicitFileType = wrapper.framework; includeInIndex = 0; path = Pods_DNA_iOSTests.framework; sourceTree = BUILT_PRODUCTS_DIR; };
		5882EB8BDE1CD6BD8C0E5563 /* Pods_DNA_iOS_ViewModels.framework */ = {isa = PBXFileReference; explicitFileType = wrapper.framework; includeInIndex = 0; path = Pods_DNA_iOS_ViewModels.framework; sourceTree = BUILT_PRODUCTS_DIR; };
		58CD32697628A004070D58B7 /* Pods-DNA.iOS.ViewModelsTests.debug.xcconfig */ = {isa = PBXFileReference; includeInIndex = 1; lastKnownFileType = text.xcconfig; name = "Pods-DNA.iOS.ViewModelsTests.debug.xcconfig"; path = "Target Support Files/Pods-DNA.iOS.ViewModelsTests/Pods-DNA.iOS.ViewModelsTests.debug.xcconfig"; sourceTree = "<group>"; };
		58D473566254C69E416A59EB /* Pods-DNA.iOS.ViewModelsTests.release.xcconfig */ = {isa = PBXFileReference; includeInIndex = 1; lastKnownFileType = text.xcconfig; name = "Pods-DNA.iOS.ViewModelsTests.release.xcconfig"; path = "Target Support Files/Pods-DNA.iOS.ViewModelsTests/Pods-DNA.iOS.ViewModelsTests.release.xcconfig"; sourceTree = "<group>"; };
		62613A878771F7BD7E26A302 /* Pods-DNA.iOS.CoreTests.debug.xcconfig */ = {isa = PBXFileReference; includeInIndex = 1; lastKnownFileType = text.xcconfig; name = "Pods-DNA.iOS.CoreTests.debug.xcconfig"; path = "Target Support Files/Pods-DNA.iOS.CoreTests/Pods-DNA.iOS.CoreTests.debug.xcconfig"; sourceTree = "<group>"; };
		994C6FC992B67EEC8DCFD211 /* Pods-DNA.iOS.ViewModels.release.xcconfig */ = {isa = PBXFileReference; includeInIndex = 1; lastKnownFileType = text.xcconfig; name = "Pods-DNA.iOS.ViewModels.release.xcconfig"; path = "Target Support Files/Pods-DNA.iOS.ViewModels/Pods-DNA.iOS.ViewModels.release.xcconfig"; sourceTree = "<group>"; };
		9B5D4804DBF570155F361E52 /* Pods-DNA.iOS.Core.debug.xcconfig */ = {isa = PBXFileReference; includeInIndex = 1; lastKnownFileType = text.xcconfig; name = "Pods-DNA.iOS.Core.debug.xcconfig"; path = "Target Support Files/Pods-DNA.iOS.Core/Pods-DNA.iOS.Core.debug.xcconfig"; sourceTree = "<group>"; };
		9B6FB7B6A4BC3FB91214DEE6 /* Pods_DNA_iOS_Core.framework */ = {isa = PBXFileReference; explicitFileType = wrapper.framework; includeInIndex = 0; path = Pods_DNA_iOS_Core.framework; sourceTree = BUILT_PRODUCTS_DIR; };
		A73EFC57FFAA0CCA4BBE1DC3 /* Pods-DNA.iOS.Core.release.xcconfig */ = {isa = PBXFileReference; includeInIndex = 1; lastKnownFileType = text.xcconfig; name = "Pods-DNA.iOS.Core.release.xcconfig"; path = "Target Support Files/Pods-DNA.iOS.Core/Pods-DNA.iOS.Core.release.xcconfig"; sourceTree = "<group>"; };
		BA056B5122E25DE600364519 /* DNA.iOS.app */ = {isa = PBXFileReference; explicitFileType = wrapper.application; includeInIndex = 0; path = DNA.iOS.app; sourceTree = BUILT_PRODUCTS_DIR; };
		BA056B5422E25DE700364519 /* AppDelegate.swift */ = {isa = PBXFileReference; lastKnownFileType = sourcecode.swift; path = AppDelegate.swift; sourceTree = "<group>"; };
		BA056B5622E25DE700364519 /* WeatherOverviewViewController.swift */ = {isa = PBXFileReference; lastKnownFileType = sourcecode.swift; path = WeatherOverviewViewController.swift; sourceTree = "<group>"; };
		BA056B5922E25DE700364519 /* Base */ = {isa = PBXFileReference; lastKnownFileType = file.storyboard; name = Base; path = Base.lproj/Main.storyboard; sourceTree = "<group>"; };
		BA056B5B22E25DE800364519 /* Assets.xcassets */ = {isa = PBXFileReference; lastKnownFileType = folder.assetcatalog; path = Assets.xcassets; sourceTree = "<group>"; };
		BA056B5E22E25DE800364519 /* Base */ = {isa = PBXFileReference; lastKnownFileType = file.storyboard; name = Base; path = Base.lproj/LaunchScreen.storyboard; sourceTree = "<group>"; };
		BA056B6022E25DE800364519 /* Info.plist */ = {isa = PBXFileReference; lastKnownFileType = text.plist.xml; path = Info.plist; sourceTree = "<group>"; };
		BA056B6522E25DE800364519 /* DNA.iOSTests.xctest */ = {isa = PBXFileReference; explicitFileType = wrapper.cfbundle; includeInIndex = 0; path = DNA.iOSTests.xctest; sourceTree = BUILT_PRODUCTS_DIR; };
		BA056B6922E25DE800364519 /* DNA_iOSTests.swift */ = {isa = PBXFileReference; lastKnownFileType = sourcecode.swift; path = DNA_iOSTests.swift; sourceTree = "<group>"; };
		BA056B6B22E25DE800364519 /* Info.plist */ = {isa = PBXFileReference; lastKnownFileType = text.plist.xml; path = Info.plist; sourceTree = "<group>"; };
		BA056B7922E2624B00364519 /* DNA_iOS_Core.framework */ = {isa = PBXFileReference; explicitFileType = wrapper.framework; includeInIndex = 0; path = DNA_iOS_Core.framework; sourceTree = BUILT_PRODUCTS_DIR; };
		BA056B7C22E2624B00364519 /* Info.plist */ = {isa = PBXFileReference; lastKnownFileType = text.plist.xml; path = Info.plist; sourceTree = "<group>"; };
		BA056B8122E2624B00364519 /* DNA.iOS.CoreTests.xctest */ = {isa = PBXFileReference; explicitFileType = wrapper.cfbundle; includeInIndex = 0; path = DNA.iOS.CoreTests.xctest; sourceTree = BUILT_PRODUCTS_DIR; };
		BA056B8822E2624B00364519 /* DNA_iOS_CoreTests.swift */ = {isa = PBXFileReference; lastKnownFileType = sourcecode.swift; path = DNA_iOS_CoreTests.swift; sourceTree = "<group>"; };
		BA056B8A22E2624B00364519 /* Info.plist */ = {isa = PBXFileReference; lastKnownFileType = text.plist.xml; path = Info.plist; sourceTree = "<group>"; };
		BA056B9C22E2626200364519 /* DNA_iOS_ViewModels.framework */ = {isa = PBXFileReference; explicitFileType = wrapper.framework; includeInIndex = 0; path = DNA_iOS_ViewModels.framework; sourceTree = BUILT_PRODUCTS_DIR; };
		BA056B9F22E2626200364519 /* Info.plist */ = {isa = PBXFileReference; lastKnownFileType = text.plist.xml; path = Info.plist; sourceTree = "<group>"; };
		BA056BA422E2626200364519 /* DNA.iOS.ViewModelsTests.xctest */ = {isa = PBXFileReference; explicitFileType = wrapper.cfbundle; includeInIndex = 0; path = DNA.iOS.ViewModelsTests.xctest; sourceTree = BUILT_PRODUCTS_DIR; };
		BA056BAB22E2626200364519 /* DNA_iOS_ViewModelsTests.swift */ = {isa = PBXFileReference; lastKnownFileType = sourcecode.swift; path = DNA_iOS_ViewModelsTests.swift; sourceTree = "<group>"; };
		BA056BAD22E2626200364519 /* Info.plist */ = {isa = PBXFileReference; lastKnownFileType = text.plist.xml; path = Info.plist; sourceTree = "<group>"; };
		CE08A6F8BACCA9986840A9CD /* Pods-DNA.iOS.debug.xcconfig */ = {isa = PBXFileReference; includeInIndex = 1; lastKnownFileType = text.xcconfig; name = "Pods-DNA.iOS.debug.xcconfig"; path = "Target Support Files/Pods-DNA.iOS/Pods-DNA.iOS.debug.xcconfig"; sourceTree = "<group>"; };
		D5844C988C44009AA74EA525 /* Pods_DNA_iOS.framework */ = {isa = PBXFileReference; explicitFileType = wrapper.framework; includeInIndex = 0; path = Pods_DNA_iOS.framework; sourceTree = BUILT_PRODUCTS_DIR; };
		E25836E7AD2688910A371301 /* Pods_DNA_iOS_ViewModelsTests.framework */ = {isa = PBXFileReference; explicitFileType = wrapper.framework; includeInIndex = 0; path = Pods_DNA_iOS_ViewModelsTests.framework; sourceTree = BUILT_PRODUCTS_DIR; };
		EE169A6B22E739DD00554F0F /* IApiService.swift */ = {isa = PBXFileReference; lastKnownFileType = sourcecode.swift; path = IApiService.swift; sourceTree = "<group>"; };
		EE169A6E22E73B0300554F0F /* ApiService.swift */ = {isa = PBXFileReference; lastKnownFileType = sourcecode.swift; path = ApiService.swift; sourceTree = "<group>"; };
		EE169A7122E73BA000554F0F /* WeatherOverview.swift */ = {isa = PBXFileReference; lastKnownFileType = sourcecode.swift; path = WeatherOverview.swift; sourceTree = "<group>"; };
		EE169A7322E73BBF00554F0F /* WeatherCity.swift */ = {isa = PBXFileReference; lastKnownFileType = sourcecode.swift; path = WeatherCity.swift; sourceTree = "<group>"; };
		EE169A7522E73BED00554F0F /* Coord.swift */ = {isa = PBXFileReference; lastKnownFileType = sourcecode.swift; path = Coord.swift; sourceTree = "<group>"; };
		EE169A7722E73C1900554F0F /* List.swift */ = {isa = PBXFileReference; lastKnownFileType = sourcecode.swift; path = List.swift; sourceTree = "<group>"; };
		EE169A7922E73C4700554F0F /* Clouds.swift */ = {isa = PBXFileReference; lastKnownFileType = sourcecode.swift; path = Clouds.swift; sourceTree = "<group>"; };
		EE169A7B22E73C5A00554F0F /* MainClass.swift */ = {isa = PBXFileReference; lastKnownFileType = sourcecode.swift; path = MainClass.swift; sourceTree = "<group>"; };
		EE169A7D22E73C9100554F0F /* Snow.swift */ = {isa = PBXFileReference; lastKnownFileType = sourcecode.swift; path = Snow.swift; sourceTree = "<group>"; };
		EE169A7F22E73CA900554F0F /* Sys.swift */ = {isa = PBXFileReference; lastKnownFileType = sourcecode.swift; path = Sys.swift; sourceTree = "<group>"; };
		EE169A8122E73CB800554F0F /* Pod.swift */ = {isa = PBXFileReference; lastKnownFileType = sourcecode.swift; path = Pod.swift; sourceTree = "<group>"; };
		EE169A8322E73CEA00554F0F /* Weather.swift */ = {isa = PBXFileReference; lastKnownFileType = sourcecode.swift; path = Weather.swift; sourceTree = "<group>"; };
		EE169A8522E73D0400554F0F /* MainEnum.swift */ = {isa = PBXFileReference; lastKnownFileType = sourcecode.swift; path = MainEnum.swift; sourceTree = "<group>"; };
		EE169A8722E73D1E00554F0F /* Description.swift */ = {isa = PBXFileReference; lastKnownFileType = sourcecode.swift; path = Description.swift; sourceTree = "<group>"; };
		EE169A8A22E73D7600554F0F /* Wind.swift */ = {isa = PBXFileReference; lastKnownFileType = sourcecode.swift; path = Wind.swift; sourceTree = "<group>"; };
		EE169A9022E73F4500554F0F /* Startup.swift */ = {isa = PBXFileReference; lastKnownFileType = sourcecode.swift; path = Startup.swift; sourceTree = "<group>"; };
		EE169A9222E7401200554F0F /* ServiceLocator.swift */ = {isa = PBXFileReference; lastKnownFileType = sourcecode.swift; path = ServiceLocator.swift; sourceTree = "<group>"; };
		EE169A9422E740A200554F0F /* main.swift */ = {isa = PBXFileReference; lastKnownFileType = sourcecode.swift; path = main.swift; sourceTree = "<group>"; };
		EE169A9722E7445100554F0F /* IConfigurationProvider.swift */ = {isa = PBXFileReference; lastKnownFileType = sourcecode.swift; path = IConfigurationProvider.swift; sourceTree = "<group>"; };
		EE169A9A22E7446800554F0F /* ConfigurationProvider.swift */ = {isa = PBXFileReference; lastKnownFileType = sourcecode.swift; path = ConfigurationProvider.swift; sourceTree = "<group>"; };
		EE169A9D22E7477400554F0F /* CoreError.swift */ = {isa = PBXFileReference; lastKnownFileType = sourcecode.swift; path = CoreError.swift; sourceTree = "<group>"; };
		EE169AA022E758AF00554F0F /* UIColor+App.swift */ = {isa = PBXFileReference; lastKnownFileType = sourcecode.swift; path = "UIColor+App.swift"; sourceTree = "<group>"; };
		EE8D934422E8437500A320FC /* ILocationManager.swift */ = {isa = PBXFileReference; lastKnownFileType = sourcecode.swift; path = ILocationManager.swift; sourceTree = "<group>"; };
		EE8D934722E8443100A320FC /* LocationManager.swift */ = {isa = PBXFileReference; lastKnownFileType = sourcecode.swift; path = LocationManager.swift; sourceTree = "<group>"; };
		EE8D934A22E8483700A320FC /* CLLocation+City.swift */ = {isa = PBXFileReference; lastKnownFileType = sourcecode.swift; path = "CLLocation+City.swift"; sourceTree = "<group>"; };
		EE8D934D22E8489D00A320FC /* City.swift */ = {isa = PBXFileReference; lastKnownFileType = sourcecode.swift; path = City.swift; sourceTree = "<group>"; };
		EE8D935022E87A0300A320FC /* ICityRepository.swift */ = {isa = PBXFileReference; lastKnownFileType = sourcecode.swift; path = ICityRepository.swift; sourceTree = "<group>"; };
		EE8D935322E87A1900A320FC /* CityRepository.swift */ = {isa = PBXFileReference; lastKnownFileType = sourcecode.swift; path = CityRepository.swift; sourceTree = "<group>"; };
		EE8D935622E883F800A320FC /* Reachability.swift */ = {isa = PBXFileReference; fileEncoding = 4; lastKnownFileType = sourcecode.swift; path = Reachability.swift; sourceTree = "<group>"; };
		EE8D936022E8936400A320FC /* VerticalWeatherCell.swift */ = {isa = PBXFileReference; fileEncoding = 4; lastKnownFileType = sourcecode.swift; path = VerticalWeatherCell.swift; sourceTree = "<group>"; };
		EE8D936122E8936400A320FC /* WeatherSecondHeaderCell.swift */ = {isa = PBXFileReference; fileEncoding = 4; lastKnownFileType = sourcecode.swift; path = WeatherSecondHeaderCell.swift; sourceTree = "<group>"; };
		EE8D936322E8936400A320FC /* WeatherTopHeaderCell.swift */ = {isa = PBXFileReference; fileEncoding = 4; lastKnownFileType = sourcecode.swift; path = WeatherTopHeaderCell.swift; sourceTree = "<group>"; };
		EE8D936622E8936400A320FC /* ExtendedInfoCell.swift */ = {isa = PBXFileReference; fileEncoding = 4; lastKnownFileType = sourcecode.swift; path = ExtendedInfoCell.swift; sourceTree = "<group>"; };
		EE8D936722E8936400A320FC /* ExtendedDetailCell.swift */ = {isa = PBXFileReference; fileEncoding = 4; lastKnownFileType = sourcecode.swift; path = ExtendedDetailCell.swift; sourceTree = "<group>"; };
		EE8D936822E8936400A320FC /* WeatherCell.swift */ = {isa = PBXFileReference; fileEncoding = 4; lastKnownFileType = sourcecode.swift; path = WeatherCell.swift; sourceTree = "<group>"; };
		EE8D936A22E8936400A320FC /* TodayWeatherCell.swift */ = {isa = PBXFileReference; fileEncoding = 4; lastKnownFileType = sourcecode.swift; path = TodayWeatherCell.swift; sourceTree = "<group>"; };
		EE8D936C22E8936400A320FC /* DailyDetailCell.swift */ = {isa = PBXFileReference; fileEncoding = 4; lastKnownFileType = sourcecode.swift; path = DailyDetailCell.swift; sourceTree = "<group>"; };
		EE8D936D22E8936400A320FC /* DailyWeatherCell.swift */ = {isa = PBXFileReference; fileEncoding = 4; lastKnownFileType = sourcecode.swift; path = DailyWeatherCell.swift; sourceTree = "<group>"; };
		EE8D937922E893F300A320FC /* UIView+Extension.swift */ = {isa = PBXFileReference; fileEncoding = 4; lastKnownFileType = sourcecode.swift; path = "UIView+Extension.swift"; sourceTree = "<group>"; };
		EE8D937C22E894A800A320FC /* AutoFittingImageView.swift */ = {isa = PBXFileReference; fileEncoding = 4; lastKnownFileType = sourcecode.swift; path = AutoFittingImageView.swift; sourceTree = "<group>"; };
		EE8D937D22E894A800A320FC /* SeparationLineView.swift */ = {isa = PBXFileReference; fileEncoding = 4; lastKnownFileType = sourcecode.swift; path = SeparationLineView.swift; sourceTree = "<group>"; };
		EE8D938022E894C800A320FC /* WhiteLabel.swift */ = {isa = PBXFileReference; fileEncoding = 4; lastKnownFileType = sourcecode.swift; path = WhiteLabel.swift; sourceTree = "<group>"; };
		EE8D938222E894D900A320FC /* PassiveTextView.swift */ = {isa = PBXFileReference; fileEncoding = 4; lastKnownFileType = sourcecode.swift; path = PassiveTextView.swift; sourceTree = "<group>"; };
		EE8D938422E8950100A320FC /* SemiTransparentLabel.swift */ = {isa = PBXFileReference; fileEncoding = 4; lastKnownFileType = sourcecode.swift; path = SemiTransparentLabel.swift; sourceTree = "<group>"; };
		EE8D938622E895C400A320FC /* WeatherCollectionViewFlowLayout.swift */ = {isa = PBXFileReference; fileEncoding = 4; lastKnownFileType = sourcecode.swift; path = WeatherCollectionViewFlowLayout.swift; sourceTree = "<group>"; };
		EE8D938822E8969200A320FC /* UIStackView+Extension.swift */ = {isa = PBXFileReference; fileEncoding = 4; lastKnownFileType = sourcecode.swift; path = "UIStackView+Extension.swift"; sourceTree = "<group>"; };
		EE8D938A22E896F700A320FC /* WeatherController.swift */ = {isa = PBXFileReference; fileEncoding = 4; lastKnownFileType = sourcecode.swift; path = WeatherController.swift; sourceTree = "<group>"; };
		EE8D938D22E8977600A320FC /* IWeatherOverviewViewModel.swift */ = {isa = PBXFileReference; lastKnownFileType = sourcecode.swift; path = IWeatherOverviewViewModel.swift; sourceTree = "<group>"; };
		EE8D939022E8979700A320FC /* WeatherOverviewViewModel.swift */ = {isa = PBXFileReference; lastKnownFileType = sourcecode.swift; path = WeatherOverviewViewModel.swift; sourceTree = "<group>"; };
		EE8D939222E897BB00A320FC /* Startup.swift */ = {isa = PBXFileReference; lastKnownFileType = sourcecode.swift; path = Startup.swift; sourceTree = "<group>"; };
		EE8D939522E89C8F00A320FC /* WeatherFormatable.swift */ = {isa = PBXFileReference; fileEncoding = 4; lastKnownFileType = sourcecode.swift; path = WeatherFormatable.swift; sourceTree = "<group>"; };
		EE8D939722E89E8800A320FC /* Date+Extension.swift */ = {isa = PBXFileReference; fileEncoding = 4; lastKnownFileType = sourcecode.swift; path = "Date+Extension.swift"; sourceTree = "<group>"; };
		EE8D939922E8A31100A320FC /* NSMutableAttribuedString+Extension.swift */ = {isa = PBXFileReference; fileEncoding = 4; lastKnownFileType = sourcecode.swift; path = "NSMutableAttribuedString+Extension.swift"; sourceTree = "<group>"; };
		EE8D93A122E8A60600A320FC /* WeatherItemViewModel.swift */ = {isa = PBXFileReference; lastKnownFileType = sourcecode.swift; path = WeatherItemViewModel.swift; sourceTree = "<group>"; };
		EE8D93A322E8A6BF00A320FC /* ListItemViewModel.swift */ = {isa = PBXFileReference; fileEncoding = 4; lastKnownFileType = sourcecode.swift; path = ListItemViewModel.swift; sourceTree = "<group>"; };
		EE8D93A522E8A8ED00A320FC /* ExtendedInfo.swift */ = {isa = PBXFileReference; fileEncoding = 4; lastKnownFileType = sourcecode.swift; path = ExtendedInfo.swift; sourceTree = "<group>"; };
		EE8D93A922E8B2C400A320FC /* ICommand.swift */ = {isa = PBXFileReference; fileEncoding = 4; lastKnownFileType = sourcecode.swift; path = ICommand.swift; sourceTree = "<group>"; };
		EE8D93AB22E8B2C400A320FC /* Command.swift */ = {isa = PBXFileReference; fileEncoding = 4; lastKnownFileType = sourcecode.swift; path = Command.swift; sourceTree = "<group>"; };
		EE8D93AC22E8B2C400A320FC /* AsyncCommand.swift */ = {isa = PBXFileReference; fileEncoding = 4; lastKnownFileType = sourcecode.swift; path = AsyncCommand.swift; sourceTree = "<group>"; };
		EE8D93AD22E8B2C400A320FC /* CancellationToken.swift */ = {isa = PBXFileReference; fileEncoding = 4; lastKnownFileType = sourcecode.swift; path = CancellationToken.swift; sourceTree = "<group>"; };
		EE8D93AE22E8B2C400A320FC /* IAsyncCommand.swift */ = {isa = PBXFileReference; fileEncoding = 4; lastKnownFileType = sourcecode.swift; path = IAsyncCommand.swift; sourceTree = "<group>"; };
		EE8D93B422E8B35200A320FC /* SetupWeatherOverviewCommand.swift */ = {isa = PBXFileReference; lastKnownFileType = sourcecode.swift; path = SetupWeatherOverviewCommand.swift; sourceTree = "<group>"; };
		EE8D93B622E8B3FD00A320FC /* LoadWeatherOverviewCommand.swift */ = {isa = PBXFileReference; lastKnownFileType = sourcecode.swift; path = LoadWeatherOverviewCommand.swift; sourceTree = "<group>"; };
		F625D3AFA56A766F6FFE54E7 /* Pods-DNA.iOS.ViewModels.debug.xcconfig */ = {isa = PBXFileReference; includeInIndex = 1; lastKnownFileType = text.xcconfig; name = "Pods-DNA.iOS.ViewModels.debug.xcconfig"; path = "Target Support Files/Pods-DNA.iOS.ViewModels/Pods-DNA.iOS.ViewModels.debug.xcconfig"; sourceTree = "<group>"; };
		F9B657B301C3E305007F5BCF /* Pods-DNA.iOSTests.debug.xcconfig */ = {isa = PBXFileReference; includeInIndex = 1; lastKnownFileType = text.xcconfig; name = "Pods-DNA.iOSTests.debug.xcconfig"; path = "Target Support Files/Pods-DNA.iOSTests/Pods-DNA.iOSTests.debug.xcconfig"; sourceTree = "<group>"; };
		FA9CCB91EBE0117DE728585A /* Pods-DNA.iOSTests.release.xcconfig */ = {isa = PBXFileReference; includeInIndex = 1; lastKnownFileType = text.xcconfig; name = "Pods-DNA.iOSTests.release.xcconfig"; path = "Target Support Files/Pods-DNA.iOSTests/Pods-DNA.iOSTests.release.xcconfig"; sourceTree = "<group>"; };
/* End PBXFileReference section */

/* Begin PBXFrameworksBuildPhase section */
		BA056B4E22E25DE600364519 /* Frameworks */ = {
			isa = PBXFrameworksBuildPhase;
			buildActionMask = 2147483647;
			files = (
				BA056BB122E2626200364519 /* DNA_iOS_ViewModels.framework in Frameworks */,
				15D425763A63EA5B054F66CA /* Pods_DNA_iOS.framework in Frameworks */,
				BA056B8E22E2624B00364519 /* DNA_iOS_Core.framework in Frameworks */,
			);
			runOnlyForDeploymentPostprocessing = 0;
		};
		BA056B6222E25DE800364519 /* Frameworks */ = {
			isa = PBXFrameworksBuildPhase;
			buildActionMask = 2147483647;
			files = (
				CF403BCD577FA1A3918CB68C /* Pods_DNA_iOSTests.framework in Frameworks */,
			);
			runOnlyForDeploymentPostprocessing = 0;
		};
		BA056B7622E2624B00364519 /* Frameworks */ = {
			isa = PBXFrameworksBuildPhase;
			buildActionMask = 2147483647;
			files = (
				ACA6A40870AA0AD88C4556BF /* Pods_DNA_iOS_Core.framework in Frameworks */,
			);
			runOnlyForDeploymentPostprocessing = 0;
		};
		BA056B7E22E2624B00364519 /* Frameworks */ = {
			isa = PBXFrameworksBuildPhase;
			buildActionMask = 2147483647;
			files = (
				BA056B8222E2624B00364519 /* DNA_iOS_Core.framework in Frameworks */,
				7209B78AC60C7ACECB3B6B4B /* Pods_DNA_iOS_CoreTests.framework in Frameworks */,
			);
			runOnlyForDeploymentPostprocessing = 0;
		};
		BA056B9922E2626200364519 /* Frameworks */ = {
			isa = PBXFrameworksBuildPhase;
			buildActionMask = 2147483647;
			files = (
				CFA40E5C7767CF46F354BFFA /* Pods_DNA_iOS_ViewModels.framework in Frameworks */,
			);
			runOnlyForDeploymentPostprocessing = 0;
		};
		BA056BA122E2626200364519 /* Frameworks */ = {
			isa = PBXFrameworksBuildPhase;
			buildActionMask = 2147483647;
			files = (
				BA056BA522E2626200364519 /* DNA_iOS_ViewModels.framework in Frameworks */,
				934064FD4D25E111931C542C /* Pods_DNA_iOS_ViewModelsTests.framework in Frameworks */,
			);
			runOnlyForDeploymentPostprocessing = 0;
		};
/* End PBXFrameworksBuildPhase section */

/* Begin PBXGroup section */
		0F99034613A1ACC464806AF6 /* Pods */ = {
			isa = PBXGroup;
			children = (
				CE08A6F8BACCA9986840A9CD /* Pods-DNA.iOS.debug.xcconfig */,
				39FACEC9621848E2DA0B90AB /* Pods-DNA.iOS.release.xcconfig */,
				F9B657B301C3E305007F5BCF /* Pods-DNA.iOSTests.debug.xcconfig */,
				FA9CCB91EBE0117DE728585A /* Pods-DNA.iOSTests.release.xcconfig */,
				9B5D4804DBF570155F361E52 /* Pods-DNA.iOS.Core.debug.xcconfig */,
				A73EFC57FFAA0CCA4BBE1DC3 /* Pods-DNA.iOS.Core.release.xcconfig */,
				62613A878771F7BD7E26A302 /* Pods-DNA.iOS.CoreTests.debug.xcconfig */,
				23D847C7A92D8646CDB9D9F1 /* Pods-DNA.iOS.CoreTests.release.xcconfig */,
				F625D3AFA56A766F6FFE54E7 /* Pods-DNA.iOS.ViewModels.debug.xcconfig */,
				994C6FC992B67EEC8DCFD211 /* Pods-DNA.iOS.ViewModels.release.xcconfig */,
				58CD32697628A004070D58B7 /* Pods-DNA.iOS.ViewModelsTests.debug.xcconfig */,
				58D473566254C69E416A59EB /* Pods-DNA.iOS.ViewModelsTests.release.xcconfig */,
			);
			path = Pods;
			sourceTree = "<group>";
		};
		55723360DD96D87C9A6328D5 /* Frameworks */ = {
			isa = PBXGroup;
			children = (
				D5844C988C44009AA74EA525 /* Pods_DNA_iOS.framework */,
				49AD629F3996D47FC93B4D50 /* Pods_DNA_iOSTests.framework */,
				9B6FB7B6A4BC3FB91214DEE6 /* Pods_DNA_iOS_Core.framework */,
				451CD8B55C7042F65EF5752D /* Pods_DNA_iOS_CoreTests.framework */,
				5882EB8BDE1CD6BD8C0E5563 /* Pods_DNA_iOS_ViewModels.framework */,
				E25836E7AD2688910A371301 /* Pods_DNA_iOS_ViewModelsTests.framework */,
			);
			name = Frameworks;
			sourceTree = "<group>";
		};
		BA056B4822E25DE600364519 = {
			isa = PBXGroup;
			children = (
				BA056B5322E25DE700364519 /* DNA.iOS */,
				BA056B7A22E2624B00364519 /* DNA.iOS.Core */,
				BA056B9D22E2626200364519 /* DNA.iOS.ViewModels */,
				BA056B6822E25DE800364519 /* DNA.iOSTests */,
				BA056B8722E2624B00364519 /* DNA.iOS.CoreTests */,
				BA056BAA22E2626200364519 /* DNA.iOS.ViewModelsTests */,
				BA056B5222E25DE600364519 /* Products */,
				0F99034613A1ACC464806AF6 /* Pods */,
				55723360DD96D87C9A6328D5 /* Frameworks */,
			);
			sourceTree = "<group>";
		};
		BA056B5222E25DE600364519 /* Products */ = {
			isa = PBXGroup;
			children = (
				BA056B5122E25DE600364519 /* DNA.iOS.app */,
				BA056B6522E25DE800364519 /* DNA.iOSTests.xctest */,
				BA056B7922E2624B00364519 /* DNA_iOS_Core.framework */,
				BA056B8122E2624B00364519 /* DNA.iOS.CoreTests.xctest */,
				BA056B9C22E2626200364519 /* DNA_iOS_ViewModels.framework */,
				BA056BA422E2626200364519 /* DNA.iOS.ViewModelsTests.xctest */,
			);
			name = Products;
			sourceTree = "<group>";
		};
		BA056B5322E25DE700364519 /* DNA.iOS */ = {
			isa = PBXGroup;
			children = (
				EE169A9F22E7588A00554F0F /* Extensions */,
				EE8D937B22E8946B00A320FC /* Helpers */,
				EE8D935922E892B800A320FC /* Views */,
				EE169AA322E75B5200554F0F /* ViewControllers */,
				EE169AA422E75B6000554F0F /* Resources */,
			);
			path = DNA.iOS;
			sourceTree = "<group>";
		};
		BA056B6822E25DE800364519 /* DNA.iOSTests */ = {
			isa = PBXGroup;
			children = (
				BA056B6922E25DE800364519 /* DNA_iOSTests.swift */,
				BA056B6B22E25DE800364519 /* Info.plist */,
			);
			path = DNA.iOSTests;
			sourceTree = "<group>";
		};
		BA056B7A22E2624B00364519 /* DNA.iOS.Core */ = {
			isa = PBXGroup;
			children = (
				EE8D935522E883B300A320FC /* Helpers */,
				EE8D934922E8481700A320FC /* Extensions */,
				EE169A9C22E7476500554F0F /* Errors */,
				EE169A7022E73B2400554F0F /* Models */,
				EE8D934F22E879E400A320FC /* Repository */,
				EE169A9622E7444200554F0F /* Providers */,
				EE8D934322E8433F00A320FC /* Managers */,
				EE169A6A22E739C100554F0F /* Services */,
				BA056B7C22E2624B00364519 /* Info.plist */,
				EE169A9022E73F4500554F0F /* Startup.swift */,
				EE169A9222E7401200554F0F /* ServiceLocator.swift */,
			);
			path = DNA.iOS.Core;
			sourceTree = "<group>";
		};
		BA056B8722E2624B00364519 /* DNA.iOS.CoreTests */ = {
			isa = PBXGroup;
			children = (
				BA056B8822E2624B00364519 /* DNA_iOS_CoreTests.swift */,
				BA056B8A22E2624B00364519 /* Info.plist */,
			);
			path = DNA.iOS.CoreTests;
			sourceTree = "<group>";
		};
		BA056B9D22E2626200364519 /* DNA.iOS.ViewModels */ = {
			isa = PBXGroup;
			children = (
				EE8D93A822E8B2C400A320FC /* Base */,
				EE8D939422E89C7700A320FC /* Extensions */,
				EE8D938C22E8975600A320FC /* WeatherOverview */,
				BA056B9F22E2626200364519 /* Info.plist */,
				EE8D939222E897BB00A320FC /* Startup.swift */,
			);
			path = DNA.iOS.ViewModels;
			sourceTree = "<group>";
		};
		BA056BAA22E2626200364519 /* DNA.iOS.ViewModelsTests */ = {
			isa = PBXGroup;
			children = (
				BA056BAB22E2626200364519 /* DNA_iOS_ViewModelsTests.swift */,
				BA056BAD22E2626200364519 /* Info.plist */,
			);
			path = DNA.iOS.ViewModelsTests;
			sourceTree = "<group>";
		};
		EE169A6A22E739C100554F0F /* Services */ = {
			isa = PBXGroup;
			children = (
				EE169A6D22E739E100554F0F /* Implementation */,
				EE169A6B22E739DD00554F0F /* IApiService.swift */,
			);
			path = Services;
			sourceTree = "<group>";
		};
		EE169A6D22E739E100554F0F /* Implementation */ = {
			isa = PBXGroup;
			children = (
				EE169A6E22E73B0300554F0F /* ApiService.swift */,
			);
			path = Implementation;
			sourceTree = "<group>";
		};
		EE169A7022E73B2400554F0F /* Models */ = {
			isa = PBXGroup;
			children = (
				EE8D934C22E8486E00A320FC /* City */,
				EE169A8E22E73E0D00554F0F /* WeatherOverView */,
			);
			path = Models;
			sourceTree = "<group>";
		};
		EE169A8922E73D3200554F0F /* Weather */ = {
			isa = PBXGroup;
			children = (
				EE169A8322E73CEA00554F0F /* Weather.swift */,
				EE169A8522E73D0400554F0F /* MainEnum.swift */,
				EE169A8722E73D1E00554F0F /* Description.swift */,
			);
			path = Weather;
			sourceTree = "<group>";
		};
		EE169A8C22E73DA300554F0F /* Sys */ = {
			isa = PBXGroup;
			children = (
				EE169A7F22E73CA900554F0F /* Sys.swift */,
				EE169A8122E73CB800554F0F /* Pod.swift */,
			);
			path = Sys;
			sourceTree = "<group>";
		};
		EE169A8D22E73DC000554F0F /* List */ = {
			isa = PBXGroup;
			children = (
				EE169A7722E73C1900554F0F /* List.swift */,
				EE169A7B22E73C5A00554F0F /* MainClass.swift */,
				EE169A8922E73D3200554F0F /* Weather */,
				EE169A7922E73C4700554F0F /* Clouds.swift */,
				EE169A8A22E73D7600554F0F /* Wind.swift */,
				EE169A7D22E73C9100554F0F /* Snow.swift */,
				EE169A8C22E73DA300554F0F /* Sys */,
			);
			path = List;
			sourceTree = "<group>";
		};
		EE169A8E22E73E0D00554F0F /* WeatherOverView */ = {
			isa = PBXGroup;
			children = (
				EE169A7122E73BA000554F0F /* WeatherOverview.swift */,
				EE169A8D22E73DC000554F0F /* List */,
				EE169A8F22E73E3200554F0F /* WeatherCity */,
			);
			path = WeatherOverView;
			sourceTree = "<group>";
		};
		EE169A8F22E73E3200554F0F /* WeatherCity */ = {
			isa = PBXGroup;
			children = (
				EE169A7322E73BBF00554F0F /* WeatherCity.swift */,
				EE169A7522E73BED00554F0F /* Coord.swift */,
			);
			path = WeatherCity;
			sourceTree = "<group>";
		};
		EE169A9622E7444200554F0F /* Providers */ = {
			isa = PBXGroup;
			children = (
				EE169A9922E7445D00554F0F /* Implementation */,
				EE169A9722E7445100554F0F /* IConfigurationProvider.swift */,
			);
			path = Providers;
			sourceTree = "<group>";
		};
		EE169A9922E7445D00554F0F /* Implementation */ = {
			isa = PBXGroup;
			children = (
				EE169A9A22E7446800554F0F /* ConfigurationProvider.swift */,
			);
			path = Implementation;
			sourceTree = "<group>";
		};
		EE169A9C22E7476500554F0F /* Errors */ = {
			isa = PBXGroup;
			children = (
				EE169A9D22E7477400554F0F /* CoreError.swift */,
			);
			path = Errors;
			sourceTree = "<group>";
		};
		EE169A9F22E7588A00554F0F /* Extensions */ = {
			isa = PBXGroup;
			children = (
				EE169AA022E758AF00554F0F /* UIColor+App.swift */,
				EE8D937922E893F300A320FC /* UIView+Extension.swift */,
				EE8D938822E8969200A320FC /* UIStackView+Extension.swift */,
			);
			path = Extensions;
			sourceTree = "<group>";
		};
		EE169AA222E75B3C00554F0F /* Storyboars */ = {
			isa = PBXGroup;
			children = (
				BA056B5822E25DE700364519 /* Main.storyboard */,
				BA056B5D22E25DE800364519 /* LaunchScreen.storyboard */,
			);
			path = Storyboars;
			sourceTree = "<group>";
		};
		EE169AA322E75B5200554F0F /* ViewControllers */ = {
			isa = PBXGroup;
			children = (
				BA056B5622E25DE700364519 /* WeatherOverviewViewController.swift */,
			);
			path = ViewControllers;
			sourceTree = "<group>";
		};
		EE169AA422E75B6000554F0F /* Resources */ = {
			isa = PBXGroup;
			children = (
				BA056B5422E25DE700364519 /* AppDelegate.swift */,
				BA056B5B22E25DE800364519 /* Assets.xcassets */,
				BA056B6022E25DE800364519 /* Info.plist */,
				EE169A9422E740A200554F0F /* main.swift */,
			);
			path = Resources;
			sourceTree = "<group>";
		};
		EE8D934322E8433F00A320FC /* Managers */ = {
			isa = PBXGroup;
			children = (
				EE8D934622E843A100A320FC /* Implementation */,
				EE8D934422E8437500A320FC /* ILocationManager.swift */,
			);
			path = Managers;
			sourceTree = "<group>";
		};
		EE8D934622E843A100A320FC /* Implementation */ = {
			isa = PBXGroup;
			children = (
				EE8D934722E8443100A320FC /* LocationManager.swift */,
			);
			path = Implementation;
			sourceTree = "<group>";
		};
		EE8D934922E8481700A320FC /* Extensions */ = {
			isa = PBXGroup;
			children = (
				EE8D939922E8A31100A320FC /* NSMutableAttribuedString+Extension.swift */,
				EE8D934A22E8483700A320FC /* CLLocation+City.swift */,
			);
			path = Extensions;
			sourceTree = "<group>";
		};
		EE8D934C22E8486E00A320FC /* City */ = {
			isa = PBXGroup;
			children = (
				EE8D934D22E8489D00A320FC /* City.swift */,
			);
			path = City;
			sourceTree = "<group>";
		};
		EE8D934F22E879E400A320FC /* Repository */ = {
			isa = PBXGroup;
			children = (
				EE8D935222E87A0600A320FC /* Implementation */,
				EE8D935022E87A0300A320FC /* ICityRepository.swift */,
			);
			path = Repository;
			sourceTree = "<group>";
		};
		EE8D935222E87A0600A320FC /* Implementation */ = {
			isa = PBXGroup;
			children = (
				EE8D935322E87A1900A320FC /* CityRepository.swift */,
			);
			path = Implementation;
			sourceTree = "<group>";
		};
		EE8D935522E883B300A320FC /* Helpers */ = {
			isa = PBXGroup;
			children = (
				EE8D935622E883F800A320FC /* Reachability.swift */,
			);
			path = Helpers;
			sourceTree = "<group>";
		};
		EE8D935922E892B800A320FC /* Views */ = {
			isa = PBXGroup;
			children = (
				EE8D935A22E8934900A320FC /* ViewsCollection */,
				EE169AA222E75B3C00554F0F /* Storyboars */,
			);
			path = Views;
			sourceTree = "<group>";
		};
		EE8D935A22E8934900A320FC /* ViewsCollection */ = {
			isa = PBXGroup;
			children = (
				EE8D935E22E8936400A320FC /* WeatherOverview */,
			);
			path = ViewsCollection;
			sourceTree = "<group>";
		};
		EE8D935E22E8936400A320FC /* WeatherOverview */ = {
			isa = PBXGroup;
			children = (
				EE8D935F22E8936400A320FC /* SecondHeader */,
				EE8D936222E8936400A320FC /* TopHeader */,
				EE8D936422E8936400A320FC /* WeatherCell */,
			);
			path = WeatherOverview;
			sourceTree = "<group>";
		};
		EE8D935F22E8936400A320FC /* SecondHeader */ = {
			isa = PBXGroup;
			children = (
				EE8D936022E8936400A320FC /* VerticalWeatherCell.swift */,
				EE8D936122E8936400A320FC /* WeatherSecondHeaderCell.swift */,
			);
			path = SecondHeader;
			sourceTree = "<group>";
		};
		EE8D936222E8936400A320FC /* TopHeader */ = {
			isa = PBXGroup;
			children = (
				EE8D936322E8936400A320FC /* WeatherTopHeaderCell.swift */,
			);
			path = TopHeader;
			sourceTree = "<group>";
		};
		EE8D936422E8936400A320FC /* WeatherCell */ = {
			isa = PBXGroup;
			children = (
				EE8D936522E8936400A320FC /* Footer */,
				EE8D936822E8936400A320FC /* WeatherCell.swift */,
				EE8D936922E8936400A320FC /* TodayCell */,
				EE8D936B22E8936400A320FC /* Header */,
			);
			path = WeatherCell;
			sourceTree = "<group>";
		};
		EE8D936522E8936400A320FC /* Footer */ = {
			isa = PBXGroup;
			children = (
				EE8D936622E8936400A320FC /* ExtendedInfoCell.swift */,
				EE8D936722E8936400A320FC /* ExtendedDetailCell.swift */,
			);
			path = Footer;
			sourceTree = "<group>";
		};
		EE8D936922E8936400A320FC /* TodayCell */ = {
			isa = PBXGroup;
			children = (
				EE8D936A22E8936400A320FC /* TodayWeatherCell.swift */,
			);
			path = TodayCell;
			sourceTree = "<group>";
		};
		EE8D936B22E8936400A320FC /* Header */ = {
			isa = PBXGroup;
			children = (
				EE8D936C22E8936400A320FC /* DailyDetailCell.swift */,
				EE8D936D22E8936400A320FC /* DailyWeatherCell.swift */,
			);
			path = Header;
			sourceTree = "<group>";
		};
		EE8D937B22E8946B00A320FC /* Helpers */ = {
			isa = PBXGroup;
			children = (
				EE8D937C22E894A800A320FC /* AutoFittingImageView.swift */,
				EE8D937D22E894A800A320FC /* SeparationLineView.swift */,
				EE8D938222E894D900A320FC /* PassiveTextView.swift */,
				EE8D938022E894C800A320FC /* WhiteLabel.swift */,
				EE8D938422E8950100A320FC /* SemiTransparentLabel.swift */,
				EE8D938622E895C400A320FC /* WeatherCollectionViewFlowLayout.swift */,
				EE8D938A22E896F700A320FC /* WeatherController.swift */,
			);
			path = Helpers;
			sourceTree = "<group>";
		};
		EE8D938C22E8975600A320FC /* WeatherOverview */ = {
			isa = PBXGroup;
			children = (
				EE8D938F22E8977B00A320FC /* Implementation */,
				EE8D938D22E8977600A320FC /* IWeatherOverviewViewModel.swift */,
				EE8D93A122E8A60600A320FC /* WeatherItemViewModel.swift */,
				EE8D93A322E8A6BF00A320FC /* ListItemViewModel.swift */,
				EE8D93A522E8A8ED00A320FC /* ExtendedInfo.swift */,
			);
			path = WeatherOverview;
			sourceTree = "<group>";
		};
		EE8D938F22E8977B00A320FC /* Implementation */ = {
			isa = PBXGroup;
			children = (
				EE8D939022E8979700A320FC /* WeatherOverviewViewModel.swift */,
				EE8D93B422E8B35200A320FC /* SetupWeatherOverviewCommand.swift */,
				EE8D93B622E8B3FD00A320FC /* LoadWeatherOverviewCommand.swift */,
			);
			path = Implementation;
			sourceTree = "<group>";
		};
		EE8D939422E89C7700A320FC /* Extensions */ = {
			isa = PBXGroup;
			children = (
				EE8D939522E89C8F00A320FC /* WeatherFormatable.swift */,
				EE8D939722E89E8800A320FC /* Date+Extension.swift */,
			);
			path = Extensions;
			sourceTree = "<group>";
		};
		EE8D93A822E8B2C400A320FC /* Base */ = {
			isa = PBXGroup;
			children = (
				EE8D93A922E8B2C400A320FC /* ICommand.swift */,
				EE8D93AA22E8B2C400A320FC /* Implementation */,
				EE8D93AE22E8B2C400A320FC /* IAsyncCommand.swift */,
			);
			path = Base;
			sourceTree = "<group>";
		};
		EE8D93AA22E8B2C400A320FC /* Implementation */ = {
			isa = PBXGroup;
			children = (
				EE8D93AB22E8B2C400A320FC /* Command.swift */,
				EE8D93AC22E8B2C400A320FC /* AsyncCommand.swift */,
				EE8D93AD22E8B2C400A320FC /* CancellationToken.swift */,
			);
			path = Implementation;
			sourceTree = "<group>";
		};
/* End PBXGroup section */

/* Begin PBXHeadersBuildPhase section */
		BA056B7422E2624B00364519 /* Headers */ = {
			isa = PBXHeadersBuildPhase;
			buildActionMask = 2147483647;
			files = (
			);
			runOnlyForDeploymentPostprocessing = 0;
		};
		BA056B9722E2626200364519 /* Headers */ = {
			isa = PBXHeadersBuildPhase;
			buildActionMask = 2147483647;
			files = (
			);
			runOnlyForDeploymentPostprocessing = 0;
		};
/* End PBXHeadersBuildPhase section */

/* Begin PBXNativeTarget section */
		BA056B5022E25DE600364519 /* DNA.iOS */ = {
			isa = PBXNativeTarget;
			buildConfigurationList = BA056B6E22E25DE800364519 /* Build configuration list for PBXNativeTarget "DNA.iOS" */;
			buildPhases = (
				5984DCC7312FA0546006655E /* [CP] Check Pods Manifest.lock */,
				BA056B4D22E25DE600364519 /* Sources */,
				BA056B4E22E25DE600364519 /* Frameworks */,
				BA056B4F22E25DE600364519 /* Resources */,
				1920FEFB1C2F364D33EECD98 /* [CP] Embed Pods Frameworks */,
				BA056B9322E2624B00364519 /* Embed Frameworks */,
			);
			buildRules = (
			);
			dependencies = (
				BA056B8D22E2624B00364519 /* PBXTargetDependency */,
				BA056BB022E2626200364519 /* PBXTargetDependency */,
			);
			name = DNA.iOS;
			productName = DNA.iOS;
			productReference = BA056B5122E25DE600364519 /* DNA.iOS.app */;
			productType = "com.apple.product-type.application";
		};
		BA056B6422E25DE800364519 /* DNA.iOSTests */ = {
			isa = PBXNativeTarget;
			buildConfigurationList = BA056B7122E25DE800364519 /* Build configuration list for PBXNativeTarget "DNA.iOSTests" */;
			buildPhases = (
				352152F13F6F9F4D97285FCB /* [CP] Check Pods Manifest.lock */,
				BA056B6122E25DE800364519 /* Sources */,
				BA056B6222E25DE800364519 /* Frameworks */,
				BA056B6322E25DE800364519 /* Resources */,
				27976ABF03DE81A26949D3C8 /* [CP] Embed Pods Frameworks */,
			);
			buildRules = (
			);
			dependencies = (
				BA056B6722E25DE800364519 /* PBXTargetDependency */,
			);
			name = DNA.iOSTests;
			productName = DNA.iOSTests;
			productReference = BA056B6522E25DE800364519 /* DNA.iOSTests.xctest */;
			productType = "com.apple.product-type.bundle.unit-test";
		};
		BA056B7822E2624B00364519 /* DNA.iOS.Core */ = {
			isa = PBXNativeTarget;
			buildConfigurationList = BA056B9022E2624B00364519 /* Build configuration list for PBXNativeTarget "DNA.iOS.Core" */;
			buildPhases = (
				69C32F6025F967C2E5286D3A /* [CP] Check Pods Manifest.lock */,
				BA056B7422E2624B00364519 /* Headers */,
				BA056B7522E2624B00364519 /* Sources */,
				BA056B7622E2624B00364519 /* Frameworks */,
				BA056B7722E2624B00364519 /* Resources */,
			);
			buildRules = (
			);
			dependencies = (
			);
			name = DNA.iOS.Core;
			productName = DNA.iOS.Core;
			productReference = BA056B7922E2624B00364519 /* DNA_iOS_Core.framework */;
			productType = "com.apple.product-type.framework";
		};
		BA056B8022E2624B00364519 /* DNA.iOS.CoreTests */ = {
			isa = PBXNativeTarget;
			buildConfigurationList = BA056B9422E2624B00364519 /* Build configuration list for PBXNativeTarget "DNA.iOS.CoreTests" */;
			buildPhases = (
				ECDF070AF7A5B98206784FD7 /* [CP] Check Pods Manifest.lock */,
				BA056B7D22E2624B00364519 /* Sources */,
				BA056B7E22E2624B00364519 /* Frameworks */,
				BA056B7F22E2624B00364519 /* Resources */,
				C0A9F37E8D57C8BA4ABC7A06 /* [CP] Embed Pods Frameworks */,
			);
			buildRules = (
			);
			dependencies = (
				BA056B8422E2624B00364519 /* PBXTargetDependency */,
			);
			name = DNA.iOS.CoreTests;
			productName = DNA.iOS.CoreTests;
			productReference = BA056B8122E2624B00364519 /* DNA.iOS.CoreTests.xctest */;
			productType = "com.apple.product-type.bundle.unit-test";
		};
		BA056B9B22E2626200364519 /* DNA.iOS.ViewModels */ = {
			isa = PBXNativeTarget;
			buildConfigurationList = BA056BB322E2626200364519 /* Build configuration list for PBXNativeTarget "DNA.iOS.ViewModels" */;
			buildPhases = (
				E62AD1789638BF01E024E0C1 /* [CP] Check Pods Manifest.lock */,
				BA056B9722E2626200364519 /* Headers */,
				BA056B9822E2626200364519 /* Sources */,
				BA056B9922E2626200364519 /* Frameworks */,
				BA056B9A22E2626200364519 /* Resources */,
			);
			buildRules = (
			);
			dependencies = (
				EE8D93A022E8A58F00A320FC /* PBXTargetDependency */,
			);
			name = DNA.iOS.ViewModels;
			productName = DNA.iOS.ViewModels;
			productReference = BA056B9C22E2626200364519 /* DNA_iOS_ViewModels.framework */;
			productType = "com.apple.product-type.framework";
		};
		BA056BA322E2626200364519 /* DNA.iOS.ViewModelsTests */ = {
			isa = PBXNativeTarget;
			buildConfigurationList = BA056BB622E2626200364519 /* Build configuration list for PBXNativeTarget "DNA.iOS.ViewModelsTests" */;
			buildPhases = (
				DE3FF1444DFF3D3D9C257970 /* [CP] Check Pods Manifest.lock */,
				BA056BA022E2626200364519 /* Sources */,
				BA056BA122E2626200364519 /* Frameworks */,
				BA056BA222E2626200364519 /* Resources */,
				C0AD6E37729075282C45A4F1 /* [CP] Embed Pods Frameworks */,
			);
			buildRules = (
			);
			dependencies = (
				BA056BA722E2626200364519 /* PBXTargetDependency */,
			);
			name = DNA.iOS.ViewModelsTests;
			productName = DNA.iOS.ViewModelsTests;
			productReference = BA056BA422E2626200364519 /* DNA.iOS.ViewModelsTests.xctest */;
			productType = "com.apple.product-type.bundle.unit-test";
		};
/* End PBXNativeTarget section */

/* Begin PBXProject section */
		BA056B4922E25DE600364519 /* Project object */ = {
			isa = PBXProject;
			attributes = {
				LastSwiftUpdateCheck = 1020;
				LastUpgradeCheck = 1020;
				ORGANIZATIONNAME = Xamlab;
				TargetAttributes = {
					BA056B5022E25DE600364519 = {
						CreatedOnToolsVersion = 10.2.1;
					};
					BA056B6422E25DE800364519 = {
						CreatedOnToolsVersion = 10.2.1;
						TestTargetID = BA056B5022E25DE600364519;
					};
					BA056B7822E2624B00364519 = {
						CreatedOnToolsVersion = 10.2.1;
						LastSwiftMigration = 1020;
					};
					BA056B8022E2624B00364519 = {
						CreatedOnToolsVersion = 10.2.1;
						TestTargetID = BA056B5022E25DE600364519;
					};
					BA056B9B22E2626200364519 = {
						CreatedOnToolsVersion = 10.2.1;
						LastSwiftMigration = 1020;
					};
					BA056BA322E2626200364519 = {
						CreatedOnToolsVersion = 10.2.1;
						TestTargetID = BA056B5022E25DE600364519;
					};
				};
			};
			buildConfigurationList = BA056B4C22E25DE600364519 /* Build configuration list for PBXProject "DNA.iOS" */;
			compatibilityVersion = "Xcode 9.3";
			developmentRegion = en;
			hasScannedForEncodings = 0;
			knownRegions = (
				en,
				Base,
			);
			mainGroup = BA056B4822E25DE600364519;
			productRefGroup = BA056B5222E25DE600364519 /* Products */;
			projectDirPath = "";
			projectRoot = "";
			targets = (
				BA056B5022E25DE600364519 /* DNA.iOS */,
				BA056B6422E25DE800364519 /* DNA.iOSTests */,
				BA056B7822E2624B00364519 /* DNA.iOS.Core */,
				BA056B8022E2624B00364519 /* DNA.iOS.CoreTests */,
				BA056B9B22E2626200364519 /* DNA.iOS.ViewModels */,
				BA056BA322E2626200364519 /* DNA.iOS.ViewModelsTests */,
			);
		};
/* End PBXProject section */

/* Begin PBXResourcesBuildPhase section */
		BA056B4F22E25DE600364519 /* Resources */ = {
			isa = PBXResourcesBuildPhase;
			buildActionMask = 2147483647;
			files = (
				BA056B5F22E25DE800364519 /* LaunchScreen.storyboard in Resources */,
				BA056B5C22E25DE800364519 /* Assets.xcassets in Resources */,
				BA056B5A22E25DE700364519 /* Main.storyboard in Resources */,
			);
			runOnlyForDeploymentPostprocessing = 0;
		};
		BA056B6322E25DE800364519 /* Resources */ = {
			isa = PBXResourcesBuildPhase;
			buildActionMask = 2147483647;
			files = (
			);
			runOnlyForDeploymentPostprocessing = 0;
		};
		BA056B7722E2624B00364519 /* Resources */ = {
			isa = PBXResourcesBuildPhase;
			buildActionMask = 2147483647;
			files = (
			);
			runOnlyForDeploymentPostprocessing = 0;
		};
		BA056B7F22E2624B00364519 /* Resources */ = {
			isa = PBXResourcesBuildPhase;
			buildActionMask = 2147483647;
			files = (
			);
			runOnlyForDeploymentPostprocessing = 0;
		};
		BA056B9A22E2626200364519 /* Resources */ = {
			isa = PBXResourcesBuildPhase;
			buildActionMask = 2147483647;
			files = (
			);
			runOnlyForDeploymentPostprocessing = 0;
		};
		BA056BA222E2626200364519 /* Resources */ = {
			isa = PBXResourcesBuildPhase;
			buildActionMask = 2147483647;
			files = (
			);
			runOnlyForDeploymentPostprocessing = 0;
		};
/* End PBXResourcesBuildPhase section */

/* Begin PBXShellScriptBuildPhase section */
		1920FEFB1C2F364D33EECD98 /* [CP] Embed Pods Frameworks */ = {
			isa = PBXShellScriptBuildPhase;
			buildActionMask = 2147483647;
			files = (
			);
			inputFileListPaths = (
			);
			inputPaths = (
				"${PODS_ROOT}/Target Support Files/Pods-DNA.iOS/Pods-DNA.iOS-frameworks.sh",
				"${BUILT_PRODUCTS_DIR}/Alamofire/Alamofire.framework",
				"${BUILT_PRODUCTS_DIR}/Bond/Bond.framework",
				"${BUILT_PRODUCTS_DIR}/Differ/Differ.framework",
				"${BUILT_PRODUCTS_DIR}/PromisesObjC/FBLPromises.framework",
				"${BUILT_PRODUCTS_DIR}/PromisesSwift/Promises.framework",
				"${BUILT_PRODUCTS_DIR}/ReactiveKit/ReactiveKit.framework",
				"${BUILT_PRODUCTS_DIR}/Swinject/Swinject.framework",
				"${BUILT_PRODUCTS_DIR}/SwinjectAutoregistration/SwinjectAutoregistration.framework",
			);
			name = "[CP] Embed Pods Frameworks";
			outputFileListPaths = (
			);
			outputPaths = (
				"${TARGET_BUILD_DIR}/${FRAMEWORKS_FOLDER_PATH}/Alamofire.framework",
				"${TARGET_BUILD_DIR}/${FRAMEWORKS_FOLDER_PATH}/Bond.framework",
				"${TARGET_BUILD_DIR}/${FRAMEWORKS_FOLDER_PATH}/Differ.framework",
				"${TARGET_BUILD_DIR}/${FRAMEWORKS_FOLDER_PATH}/FBLPromises.framework",
				"${TARGET_BUILD_DIR}/${FRAMEWORKS_FOLDER_PATH}/Promises.framework",
				"${TARGET_BUILD_DIR}/${FRAMEWORKS_FOLDER_PATH}/ReactiveKit.framework",
				"${TARGET_BUILD_DIR}/${FRAMEWORKS_FOLDER_PATH}/Swinject.framework",
				"${TARGET_BUILD_DIR}/${FRAMEWORKS_FOLDER_PATH}/SwinjectAutoregistration.framework",
			);
			runOnlyForDeploymentPostprocessing = 0;
			shellPath = /bin/sh;
			shellScript = "\"${PODS_ROOT}/Target Support Files/Pods-DNA.iOS/Pods-DNA.iOS-frameworks.sh\"\n";
			showEnvVarsInLog = 0;
		};
		27976ABF03DE81A26949D3C8 /* [CP] Embed Pods Frameworks */ = {
			isa = PBXShellScriptBuildPhase;
			buildActionMask = 2147483647;
			files = (
			);
			inputFileListPaths = (
			);
			inputPaths = (
				"${PODS_ROOT}/Target Support Files/Pods-DNA.iOSTests/Pods-DNA.iOSTests-frameworks.sh",
				"${BUILT_PRODUCTS_DIR}/Cuckoo/Cuckoo.framework",
				"${BUILT_PRODUCTS_DIR}/Nimble/Nimble.framework",
				"${BUILT_PRODUCTS_DIR}/OHHTTPStubs/OHHTTPStubs.framework",
			);
			name = "[CP] Embed Pods Frameworks";
			outputFileListPaths = (
			);
			outputPaths = (
				"${TARGET_BUILD_DIR}/${FRAMEWORKS_FOLDER_PATH}/Cuckoo.framework",
				"${TARGET_BUILD_DIR}/${FRAMEWORKS_FOLDER_PATH}/Nimble.framework",
				"${TARGET_BUILD_DIR}/${FRAMEWORKS_FOLDER_PATH}/OHHTTPStubs.framework",
			);
			runOnlyForDeploymentPostprocessing = 0;
			shellPath = /bin/sh;
			shellScript = "\"${PODS_ROOT}/Target Support Files/Pods-DNA.iOSTests/Pods-DNA.iOSTests-frameworks.sh\"\n";
			showEnvVarsInLog = 0;
		};
		352152F13F6F9F4D97285FCB /* [CP] Check Pods Manifest.lock */ = {
			isa = PBXShellScriptBuildPhase;
			buildActionMask = 2147483647;
			files = (
			);
			inputFileListPaths = (
			);
			inputPaths = (
				"${PODS_PODFILE_DIR_PATH}/Podfile.lock",
				"${PODS_ROOT}/Manifest.lock",
			);
			name = "[CP] Check Pods Manifest.lock";
			outputFileListPaths = (
			);
			outputPaths = (
				"$(DERIVED_FILE_DIR)/Pods-DNA.iOSTests-checkManifestLockResult.txt",
			);
			runOnlyForDeploymentPostprocessing = 0;
			shellPath = /bin/sh;
			shellScript = "diff \"${PODS_PODFILE_DIR_PATH}/Podfile.lock\" \"${PODS_ROOT}/Manifest.lock\" > /dev/null\nif [ $? != 0 ] ; then\n    # print error to STDERR\n    echo \"error: The sandbox is not in sync with the Podfile.lock. Run 'pod install' or update your CocoaPods installation.\" >&2\n    exit 1\nfi\n# This output is used by Xcode 'outputs' to avoid re-running this script phase.\necho \"SUCCESS\" > \"${SCRIPT_OUTPUT_FILE_0}\"\n";
			showEnvVarsInLog = 0;
		};
		5984DCC7312FA0546006655E /* [CP] Check Pods Manifest.lock */ = {
			isa = PBXShellScriptBuildPhase;
			buildActionMask = 2147483647;
			files = (
			);
			inputFileListPaths = (
			);
			inputPaths = (
				"${PODS_PODFILE_DIR_PATH}/Podfile.lock",
				"${PODS_ROOT}/Manifest.lock",
			);
			name = "[CP] Check Pods Manifest.lock";
			outputFileListPaths = (
			);
			outputPaths = (
				"$(DERIVED_FILE_DIR)/Pods-DNA.iOS-checkManifestLockResult.txt",
			);
			runOnlyForDeploymentPostprocessing = 0;
			shellPath = /bin/sh;
			shellScript = "diff \"${PODS_PODFILE_DIR_PATH}/Podfile.lock\" \"${PODS_ROOT}/Manifest.lock\" > /dev/null\nif [ $? != 0 ] ; then\n    # print error to STDERR\n    echo \"error: The sandbox is not in sync with the Podfile.lock. Run 'pod install' or update your CocoaPods installation.\" >&2\n    exit 1\nfi\n# This output is used by Xcode 'outputs' to avoid re-running this script phase.\necho \"SUCCESS\" > \"${SCRIPT_OUTPUT_FILE_0}\"\n";
			showEnvVarsInLog = 0;
		};
		69C32F6025F967C2E5286D3A /* [CP] Check Pods Manifest.lock */ = {
			isa = PBXShellScriptBuildPhase;
			buildActionMask = 2147483647;
			files = (
			);
			inputFileListPaths = (
			);
			inputPaths = (
				"${PODS_PODFILE_DIR_PATH}/Podfile.lock",
				"${PODS_ROOT}/Manifest.lock",
			);
			name = "[CP] Check Pods Manifest.lock";
			outputFileListPaths = (
			);
			outputPaths = (
				"$(DERIVED_FILE_DIR)/Pods-DNA.iOS.Core-checkManifestLockResult.txt",
			);
			runOnlyForDeploymentPostprocessing = 0;
			shellPath = /bin/sh;
			shellScript = "diff \"${PODS_PODFILE_DIR_PATH}/Podfile.lock\" \"${PODS_ROOT}/Manifest.lock\" > /dev/null\nif [ $? != 0 ] ; then\n    # print error to STDERR\n    echo \"error: The sandbox is not in sync with the Podfile.lock. Run 'pod install' or update your CocoaPods installation.\" >&2\n    exit 1\nfi\n# This output is used by Xcode 'outputs' to avoid re-running this script phase.\necho \"SUCCESS\" > \"${SCRIPT_OUTPUT_FILE_0}\"\n";
			showEnvVarsInLog = 0;
		};
		C0A9F37E8D57C8BA4ABC7A06 /* [CP] Embed Pods Frameworks */ = {
			isa = PBXShellScriptBuildPhase;
			buildActionMask = 2147483647;
			files = (
			);
			inputFileListPaths = (
			);
			inputPaths = (
				"${PODS_ROOT}/Target Support Files/Pods-DNA.iOS.CoreTests/Pods-DNA.iOS.CoreTests-frameworks.sh",
				"${BUILT_PRODUCTS_DIR}/Cuckoo/Cuckoo.framework",
				"${BUILT_PRODUCTS_DIR}/Nimble/Nimble.framework",
				"${BUILT_PRODUCTS_DIR}/OHHTTPStubs/OHHTTPStubs.framework",
			);
			name = "[CP] Embed Pods Frameworks";
			outputFileListPaths = (
			);
			outputPaths = (
				"${TARGET_BUILD_DIR}/${FRAMEWORKS_FOLDER_PATH}/Cuckoo.framework",
				"${TARGET_BUILD_DIR}/${FRAMEWORKS_FOLDER_PATH}/Nimble.framework",
				"${TARGET_BUILD_DIR}/${FRAMEWORKS_FOLDER_PATH}/OHHTTPStubs.framework",
			);
			runOnlyForDeploymentPostprocessing = 0;
			shellPath = /bin/sh;
			shellScript = "\"${PODS_ROOT}/Target Support Files/Pods-DNA.iOS.CoreTests/Pods-DNA.iOS.CoreTests-frameworks.sh\"\n";
			showEnvVarsInLog = 0;
		};
		C0AD6E37729075282C45A4F1 /* [CP] Embed Pods Frameworks */ = {
			isa = PBXShellScriptBuildPhase;
			buildActionMask = 2147483647;
			files = (
			);
			inputFileListPaths = (
			);
			inputPaths = (
				"${PODS_ROOT}/Target Support Files/Pods-DNA.iOS.ViewModelsTests/Pods-DNA.iOS.ViewModelsTests-frameworks.sh",
				"${BUILT_PRODUCTS_DIR}/Bond/Bond.framework",
				"${BUILT_PRODUCTS_DIR}/Differ/Differ.framework",
				"${BUILT_PRODUCTS_DIR}/ReactiveKit/ReactiveKit.framework",
				"${BUILT_PRODUCTS_DIR}/Cuckoo/Cuckoo.framework",
				"${BUILT_PRODUCTS_DIR}/Nimble/Nimble.framework",
				"${BUILT_PRODUCTS_DIR}/OHHTTPStubs/OHHTTPStubs.framework",
			);
			name = "[CP] Embed Pods Frameworks";
			outputFileListPaths = (
			);
			outputPaths = (
				"${TARGET_BUILD_DIR}/${FRAMEWORKS_FOLDER_PATH}/Bond.framework",
				"${TARGET_BUILD_DIR}/${FRAMEWORKS_FOLDER_PATH}/Differ.framework",
				"${TARGET_BUILD_DIR}/${FRAMEWORKS_FOLDER_PATH}/ReactiveKit.framework",
				"${TARGET_BUILD_DIR}/${FRAMEWORKS_FOLDER_PATH}/Cuckoo.framework",
				"${TARGET_BUILD_DIR}/${FRAMEWORKS_FOLDER_PATH}/Nimble.framework",
				"${TARGET_BUILD_DIR}/${FRAMEWORKS_FOLDER_PATH}/OHHTTPStubs.framework",
			);
			runOnlyForDeploymentPostprocessing = 0;
			shellPath = /bin/sh;
			shellScript = "\"${PODS_ROOT}/Target Support Files/Pods-DNA.iOS.ViewModelsTests/Pods-DNA.iOS.ViewModelsTests-frameworks.sh\"\n";
			showEnvVarsInLog = 0;
		};
		DE3FF1444DFF3D3D9C257970 /* [CP] Check Pods Manifest.lock */ = {
			isa = PBXShellScriptBuildPhase;
			buildActionMask = 2147483647;
			files = (
			);
			inputFileListPaths = (
			);
			inputPaths = (
				"${PODS_PODFILE_DIR_PATH}/Podfile.lock",
				"${PODS_ROOT}/Manifest.lock",
			);
			name = "[CP] Check Pods Manifest.lock";
			outputFileListPaths = (
			);
			outputPaths = (
				"$(DERIVED_FILE_DIR)/Pods-DNA.iOS.ViewModelsTests-checkManifestLockResult.txt",
			);
			runOnlyForDeploymentPostprocessing = 0;
			shellPath = /bin/sh;
			shellScript = "diff \"${PODS_PODFILE_DIR_PATH}/Podfile.lock\" \"${PODS_ROOT}/Manifest.lock\" > /dev/null\nif [ $? != 0 ] ; then\n    # print error to STDERR\n    echo \"error: The sandbox is not in sync with the Podfile.lock. Run 'pod install' or update your CocoaPods installation.\" >&2\n    exit 1\nfi\n# This output is used by Xcode 'outputs' to avoid re-running this script phase.\necho \"SUCCESS\" > \"${SCRIPT_OUTPUT_FILE_0}\"\n";
			showEnvVarsInLog = 0;
		};
		E62AD1789638BF01E024E0C1 /* [CP] Check Pods Manifest.lock */ = {
			isa = PBXShellScriptBuildPhase;
			buildActionMask = 2147483647;
			files = (
			);
			inputFileListPaths = (
			);
			inputPaths = (
				"${PODS_PODFILE_DIR_PATH}/Podfile.lock",
				"${PODS_ROOT}/Manifest.lock",
			);
			name = "[CP] Check Pods Manifest.lock";
			outputFileListPaths = (
			);
			outputPaths = (
				"$(DERIVED_FILE_DIR)/Pods-DNA.iOS.ViewModels-checkManifestLockResult.txt",
			);
			runOnlyForDeploymentPostprocessing = 0;
			shellPath = /bin/sh;
			shellScript = "diff \"${PODS_PODFILE_DIR_PATH}/Podfile.lock\" \"${PODS_ROOT}/Manifest.lock\" > /dev/null\nif [ $? != 0 ] ; then\n    # print error to STDERR\n    echo \"error: The sandbox is not in sync with the Podfile.lock. Run 'pod install' or update your CocoaPods installation.\" >&2\n    exit 1\nfi\n# This output is used by Xcode 'outputs' to avoid re-running this script phase.\necho \"SUCCESS\" > \"${SCRIPT_OUTPUT_FILE_0}\"\n";
			showEnvVarsInLog = 0;
		};
		ECDF070AF7A5B98206784FD7 /* [CP] Check Pods Manifest.lock */ = {
			isa = PBXShellScriptBuildPhase;
			buildActionMask = 2147483647;
			files = (
			);
			inputFileListPaths = (
			);
			inputPaths = (
				"${PODS_PODFILE_DIR_PATH}/Podfile.lock",
				"${PODS_ROOT}/Manifest.lock",
			);
			name = "[CP] Check Pods Manifest.lock";
			outputFileListPaths = (
			);
			outputPaths = (
				"$(DERIVED_FILE_DIR)/Pods-DNA.iOS.CoreTests-checkManifestLockResult.txt",
			);
			runOnlyForDeploymentPostprocessing = 0;
			shellPath = /bin/sh;
			shellScript = "diff \"${PODS_PODFILE_DIR_PATH}/Podfile.lock\" \"${PODS_ROOT}/Manifest.lock\" > /dev/null\nif [ $? != 0 ] ; then\n    # print error to STDERR\n    echo \"error: The sandbox is not in sync with the Podfile.lock. Run 'pod install' or update your CocoaPods installation.\" >&2\n    exit 1\nfi\n# This output is used by Xcode 'outputs' to avoid re-running this script phase.\necho \"SUCCESS\" > \"${SCRIPT_OUTPUT_FILE_0}\"\n";
			showEnvVarsInLog = 0;
		};
/* End PBXShellScriptBuildPhase section */

/* Begin PBXSourcesBuildPhase section */
		BA056B4D22E25DE600364519 /* Sources */ = {
			isa = PBXSourcesBuildPhase;
			buildActionMask = 2147483647;
			files = (
				BA056B5722E25DE700364519 /* WeatherOverviewViewController.swift in Sources */,
				EE8D938722E895C500A320FC /* WeatherCollectionViewFlowLayout.swift in Sources */,
				EE169AA122E758AF00554F0F /* UIColor+App.swift in Sources */,
				EE8D937A22E893F300A320FC /* UIView+Extension.swift in Sources */,
				EE8D937722E8936400A320FC /* DailyDetailCell.swift in Sources */,
				EE8D937322E8936400A320FC /* ExtendedInfoCell.swift in Sources */,
				EE8D938122E894C800A320FC /* WhiteLabel.swift in Sources */,
				EE8D937222E8936400A320FC /* WeatherTopHeaderCell.swift in Sources */,
				EE8D937622E8936400A320FC /* TodayWeatherCell.swift in Sources */,
				BA056B5522E25DE700364519 /* AppDelegate.swift in Sources */,
				EE8D938522E8950100A320FC /* SemiTransparentLabel.swift in Sources */,
				EE8D937822E8936400A320FC /* DailyWeatherCell.swift in Sources */,
				EE8D938B22E896F700A320FC /* WeatherController.swift in Sources */,
				EE8D937122E8936400A320FC /* WeatherSecondHeaderCell.swift in Sources */,
				EE8D937522E8936400A320FC /* WeatherCell.swift in Sources */,
				EE169A9522E740A200554F0F /* main.swift in Sources */,
				EE8D937F22E894A800A320FC /* SeparationLineView.swift in Sources */,
				EE8D937022E8936400A320FC /* VerticalWeatherCell.swift in Sources */,
				EE8D937E22E894A800A320FC /* AutoFittingImageView.swift in Sources */,
				EE8D937422E8936400A320FC /* ExtendedDetailCell.swift in Sources */,
				EE8D938922E8969200A320FC /* UIStackView+Extension.swift in Sources */,
				EE8D938322E894DA00A320FC /* PassiveTextView.swift in Sources */,
			);
			runOnlyForDeploymentPostprocessing = 0;
		};
		BA056B6122E25DE800364519 /* Sources */ = {
			isa = PBXSourcesBuildPhase;
			buildActionMask = 2147483647;
			files = (
				BA056B6A22E25DE800364519 /* DNA_iOSTests.swift in Sources */,
			);
			runOnlyForDeploymentPostprocessing = 0;
		};
		BA056B7522E2624B00364519 /* Sources */ = {
			isa = PBXSourcesBuildPhase;
			buildActionMask = 2147483647;
			files = (
				EE169A6F22E73B0300554F0F /* ApiService.swift in Sources */,
				EE169A9B22E7446800554F0F /* ConfigurationProvider.swift in Sources */,
				EE169A7622E73BED00554F0F /* Coord.swift in Sources */,
				EE169A7422E73BBF00554F0F /* WeatherCity.swift in Sources */,
				EE169A7222E73BA000554F0F /* WeatherOverview.swift in Sources */,
				EE8D935722E883F800A320FC /* Reachability.swift in Sources */,
				EE169A8622E73D0400554F0F /* MainEnum.swift in Sources */,
				EE169A8422E73CEA00554F0F /* Weather.swift in Sources */,
				EE169A7E22E73C9100554F0F /* Snow.swift in Sources */,
				EE169A8022E73CA900554F0F /* Sys.swift in Sources */,
				EE169A8222E73CB800554F0F /* Pod.swift in Sources */,
				EE8D934522E8437500A320FC /* ILocationManager.swift in Sources */,
				EE169A7A22E73C4700554F0F /* Clouds.swift in Sources */,
				EE169A8822E73D1E00554F0F /* Description.swift in Sources */,
				EE169A9822E7445100554F0F /* IConfigurationProvider.swift in Sources */,
				EE8D934E22E8489D00A320FC /* City.swift in Sources */,
				EE8D934822E8443100A320FC /* LocationManager.swift in Sources */,
				EE169A9122E73F4500554F0F /* Startup.swift in Sources */,
				EE169A8B22E73D7600554F0F /* Wind.swift in Sources */,
				EE169A7C22E73C5A00554F0F /* MainClass.swift in Sources */,
				EE8D935122E87A0300A320FC /* ICityRepository.swift in Sources */,
				EE169A6C22E739DD00554F0F /* IApiService.swift in Sources */,
				EE169A9E22E7477400554F0F /* CoreError.swift in Sources */,
				EE8D935422E87A1900A320FC /* CityRepository.swift in Sources */,
				EE8D934B22E8483700A320FC /* CLLocation+City.swift in Sources */,
				EE169A9322E7401200554F0F /* ServiceLocator.swift in Sources */,
				EE169A7822E73C1900554F0F /* List.swift in Sources */,
			);
			runOnlyForDeploymentPostprocessing = 0;
		};
		BA056B7D22E2624B00364519 /* Sources */ = {
			isa = PBXSourcesBuildPhase;
			buildActionMask = 2147483647;
			files = (
				BA056B8922E2624B00364519 /* DNA_iOS_CoreTests.swift in Sources */,
			);
			runOnlyForDeploymentPostprocessing = 0;
		};
		BA056B9822E2626200364519 /* Sources */ = {
			isa = PBXSourcesBuildPhase;
			buildActionMask = 2147483647;
			files = (
				EE8D93B322E8B2C400A320FC /* IAsyncCommand.swift in Sources */,
				EE8D93B522E8B35200A320FC /* SetupWeatherOverviewCommand.swift in Sources */,
				EE8D93B722E8B3FE00A320FC /* LoadWeatherOverviewCommand.swift in Sources */,
				EE8D93A722E8AC2E00A320FC /* ExtendedInfo.swift in Sources */,
				EE8D939822E89E8800A320FC /* Date+Extension.swift in Sources */,
				EE8D93A222E8A60600A320FC /* WeatherItemViewModel.swift in Sources */,
				EE8D939122E8979700A320FC /* WeatherOverviewViewModel.swift in Sources */,
				EE8D939322E897BB00A320FC /* Startup.swift in Sources */,
				EE8D93AF22E8B2C400A320FC /* ICommand.swift in Sources */,
				EE8D93B122E8B2C400A320FC /* AsyncCommand.swift in Sources */,
				EE8D939C22E8A33800A320FC /* NSMutableAttribuedString+Extension.swift in Sources */,
				EE8D938E22E8977600A320FC /* IWeatherOverviewViewModel.swift in Sources */,
				EE8D93A422E8A6BF00A320FC /* ListItemViewModel.swift in Sources */,
				EE8D93B022E8B2C400A320FC /* Command.swift in Sources */,
				EE8D939622E89C8F00A320FC /* WeatherFormatable.swift in Sources */,
				EE8D93B222E8B2C400A320FC /* CancellationToken.swift in Sources */,
			);
			runOnlyForDeploymentPostprocessing = 0;
		};
		BA056BA022E2626200364519 /* Sources */ = {
			isa = PBXSourcesBuildPhase;
			buildActionMask = 2147483647;
			files = (
				BA056BAC22E2626200364519 /* DNA_iOS_ViewModelsTests.swift in Sources */,
			);
			runOnlyForDeploymentPostprocessing = 0;
		};
/* End PBXSourcesBuildPhase section */

/* Begin PBXTargetDependency section */
		BA056B6722E25DE800364519 /* PBXTargetDependency */ = {
			isa = PBXTargetDependency;
			target = BA056B5022E25DE600364519 /* DNA.iOS */;
			targetProxy = BA056B6622E25DE800364519 /* PBXContainerItemProxy */;
		};
		BA056B8422E2624B00364519 /* PBXTargetDependency */ = {
			isa = PBXTargetDependency;
			target = BA056B7822E2624B00364519 /* DNA.iOS.Core */;
			targetProxy = BA056B8322E2624B00364519 /* PBXContainerItemProxy */;
		};
		BA056B8D22E2624B00364519 /* PBXTargetDependency */ = {
			isa = PBXTargetDependency;
			target = BA056B7822E2624B00364519 /* DNA.iOS.Core */;
			targetProxy = BA056B8C22E2624B00364519 /* PBXContainerItemProxy */;
		};
		BA056BA722E2626200364519 /* PBXTargetDependency */ = {
			isa = PBXTargetDependency;
			target = BA056B9B22E2626200364519 /* DNA.iOS.ViewModels */;
			targetProxy = BA056BA622E2626200364519 /* PBXContainerItemProxy */;
		};
		BA056BB022E2626200364519 /* PBXTargetDependency */ = {
			isa = PBXTargetDependency;
			target = BA056B9B22E2626200364519 /* DNA.iOS.ViewModels */;
			targetProxy = BA056BAF22E2626200364519 /* PBXContainerItemProxy */;
		};
		EE8D93A022E8A58F00A320FC /* PBXTargetDependency */ = {
			isa = PBXTargetDependency;
			target = BA056B7822E2624B00364519 /* DNA.iOS.Core */;
			targetProxy = EE8D939F22E8A58F00A320FC /* PBXContainerItemProxy */;
		};
/* End PBXTargetDependency section */

/* Begin PBXVariantGroup section */
		BA056B5822E25DE700364519 /* Main.storyboard */ = {
			isa = PBXVariantGroup;
			children = (
				BA056B5922E25DE700364519 /* Base */,
			);
			name = Main.storyboard;
			sourceTree = "<group>";
		};
		BA056B5D22E25DE800364519 /* LaunchScreen.storyboard */ = {
			isa = PBXVariantGroup;
			children = (
				BA056B5E22E25DE800364519 /* Base */,
			);
			name = LaunchScreen.storyboard;
			sourceTree = "<group>";
		};
/* End PBXVariantGroup section */

/* Begin XCBuildConfiguration section */
		BA056B6C22E25DE800364519 /* Debug */ = {
			isa = XCBuildConfiguration;
			buildSettings = {
				ALWAYS_SEARCH_USER_PATHS = NO;
				CLANG_ANALYZER_NONNULL = YES;
				CLANG_ANALYZER_NUMBER_OBJECT_CONVERSION = YES_AGGRESSIVE;
				CLANG_CXX_LANGUAGE_STANDARD = "gnu++14";
				CLANG_CXX_LIBRARY = "libc++";
				CLANG_ENABLE_MODULES = YES;
				CLANG_ENABLE_OBJC_ARC = YES;
				CLANG_ENABLE_OBJC_WEAK = YES;
				CLANG_WARN_BLOCK_CAPTURE_AUTORELEASING = YES;
				CLANG_WARN_BOOL_CONVERSION = YES;
				CLANG_WARN_COMMA = YES;
				CLANG_WARN_CONSTANT_CONVERSION = YES;
				CLANG_WARN_DEPRECATED_OBJC_IMPLEMENTATIONS = YES;
				CLANG_WARN_DIRECT_OBJC_ISA_USAGE = YES_ERROR;
				CLANG_WARN_DOCUMENTATION_COMMENTS = YES;
				CLANG_WARN_EMPTY_BODY = YES;
				CLANG_WARN_ENUM_CONVERSION = YES;
				CLANG_WARN_INFINITE_RECURSION = YES;
				CLANG_WARN_INT_CONVERSION = YES;
				CLANG_WARN_NON_LITERAL_NULL_CONVERSION = YES;
				CLANG_WARN_OBJC_IMPLICIT_RETAIN_SELF = YES;
				CLANG_WARN_OBJC_LITERAL_CONVERSION = YES;
				CLANG_WARN_OBJC_ROOT_CLASS = YES_ERROR;
				CLANG_WARN_RANGE_LOOP_ANALYSIS = YES;
				CLANG_WARN_STRICT_PROTOTYPES = YES;
				CLANG_WARN_SUSPICIOUS_MOVE = YES;
				CLANG_WARN_UNGUARDED_AVAILABILITY = YES_AGGRESSIVE;
				CLANG_WARN_UNREACHABLE_CODE = YES;
				CLANG_WARN__DUPLICATE_METHOD_MATCH = YES;
				CODE_SIGN_IDENTITY = "iPhone Developer";
				COPY_PHASE_STRIP = NO;
				DEBUG_INFORMATION_FORMAT = dwarf;
				ENABLE_STRICT_OBJC_MSGSEND = YES;
				ENABLE_TESTABILITY = YES;
				GCC_C_LANGUAGE_STANDARD = gnu11;
				GCC_DYNAMIC_NO_PIC = NO;
				GCC_NO_COMMON_BLOCKS = YES;
				GCC_OPTIMIZATION_LEVEL = 0;
				GCC_PREPROCESSOR_DEFINITIONS = (
					"DEBUG=1",
					"$(inherited)",
				);
				GCC_WARN_64_TO_32_BIT_CONVERSION = YES;
				GCC_WARN_ABOUT_RETURN_TYPE = YES_ERROR;
				GCC_WARN_UNDECLARED_SELECTOR = YES;
				GCC_WARN_UNINITIALIZED_AUTOS = YES_AGGRESSIVE;
				GCC_WARN_UNUSED_FUNCTION = YES;
				GCC_WARN_UNUSED_VARIABLE = YES;
				IPHONEOS_DEPLOYMENT_TARGET = 12.2;
				MTL_ENABLE_DEBUG_INFO = INCLUDE_SOURCE;
				MTL_FAST_MATH = YES;
				ONLY_ACTIVE_ARCH = YES;
				SDKROOT = iphoneos;
				SWIFT_ACTIVE_COMPILATION_CONDITIONS = DEBUG;
				SWIFT_OPTIMIZATION_LEVEL = "-Onone";
			};
			name = Debug;
		};
		BA056B6D22E25DE800364519 /* Release */ = {
			isa = XCBuildConfiguration;
			buildSettings = {
				ALWAYS_SEARCH_USER_PATHS = NO;
				CLANG_ANALYZER_NONNULL = YES;
				CLANG_ANALYZER_NUMBER_OBJECT_CONVERSION = YES_AGGRESSIVE;
				CLANG_CXX_LANGUAGE_STANDARD = "gnu++14";
				CLANG_CXX_LIBRARY = "libc++";
				CLANG_ENABLE_MODULES = YES;
				CLANG_ENABLE_OBJC_ARC = YES;
				CLANG_ENABLE_OBJC_WEAK = YES;
				CLANG_WARN_BLOCK_CAPTURE_AUTORELEASING = YES;
				CLANG_WARN_BOOL_CONVERSION = YES;
				CLANG_WARN_COMMA = YES;
				CLANG_WARN_CONSTANT_CONVERSION = YES;
				CLANG_WARN_DEPRECATED_OBJC_IMPLEMENTATIONS = YES;
				CLANG_WARN_DIRECT_OBJC_ISA_USAGE = YES_ERROR;
				CLANG_WARN_DOCUMENTATION_COMMENTS = YES;
				CLANG_WARN_EMPTY_BODY = YES;
				CLANG_WARN_ENUM_CONVERSION = YES;
				CLANG_WARN_INFINITE_RECURSION = YES;
				CLANG_WARN_INT_CONVERSION = YES;
				CLANG_WARN_NON_LITERAL_NULL_CONVERSION = YES;
				CLANG_WARN_OBJC_IMPLICIT_RETAIN_SELF = YES;
				CLANG_WARN_OBJC_LITERAL_CONVERSION = YES;
				CLANG_WARN_OBJC_ROOT_CLASS = YES_ERROR;
				CLANG_WARN_RANGE_LOOP_ANALYSIS = YES;
				CLANG_WARN_STRICT_PROTOTYPES = YES;
				CLANG_WARN_SUSPICIOUS_MOVE = YES;
				CLANG_WARN_UNGUARDED_AVAILABILITY = YES_AGGRESSIVE;
				CLANG_WARN_UNREACHABLE_CODE = YES;
				CLANG_WARN__DUPLICATE_METHOD_MATCH = YES;
				CODE_SIGN_IDENTITY = "iPhone Developer";
				COPY_PHASE_STRIP = NO;
				DEBUG_INFORMATION_FORMAT = "dwarf-with-dsym";
				ENABLE_NS_ASSERTIONS = NO;
				ENABLE_STRICT_OBJC_MSGSEND = YES;
				GCC_C_LANGUAGE_STANDARD = gnu11;
				GCC_NO_COMMON_BLOCKS = YES;
				GCC_WARN_64_TO_32_BIT_CONVERSION = YES;
				GCC_WARN_ABOUT_RETURN_TYPE = YES_ERROR;
				GCC_WARN_UNDECLARED_SELECTOR = YES;
				GCC_WARN_UNINITIALIZED_AUTOS = YES_AGGRESSIVE;
				GCC_WARN_UNUSED_FUNCTION = YES;
				GCC_WARN_UNUSED_VARIABLE = YES;
				IPHONEOS_DEPLOYMENT_TARGET = 12.2;
				MTL_ENABLE_DEBUG_INFO = NO;
				MTL_FAST_MATH = YES;
				SDKROOT = iphoneos;
				SWIFT_COMPILATION_MODE = wholemodule;
				SWIFT_OPTIMIZATION_LEVEL = "-O";
				VALIDATE_PRODUCT = YES;
			};
			name = Release;
		};
		BA056B6F22E25DE800364519 /* Debug */ = {
			isa = XCBuildConfiguration;
			baseConfigurationReference = CE08A6F8BACCA9986840A9CD /* Pods-DNA.iOS.debug.xcconfig */;
			buildSettings = {
				ALWAYS_EMBED_SWIFT_STANDARD_LIBRARIES = YES;
				ASSETCATALOG_COMPILER_APPICON_NAME = AppIcon;
				CODE_SIGN_STYLE = Automatic;
				DEVELOPMENT_TEAM = 5JYCV8J522;
				INFOPLIST_FILE = "$(SRCROOT)/DNA.iOS/Resources/Info.plist";
				LD_RUNPATH_SEARCH_PATHS = (
					"$(inherited)",
					"@executable_path/Frameworks",
				);
				PRODUCT_BUNDLE_IDENTIFIER = com.xamlab.dna.ios;
				PRODUCT_NAME = "$(TARGET_NAME)";
				SWIFT_VERSION = 5.0;
				TARGETED_DEVICE_FAMILY = "1,2";
			};
			name = Debug;
		};
		BA056B7022E25DE800364519 /* Release */ = {
			isa = XCBuildConfiguration;
			baseConfigurationReference = 39FACEC9621848E2DA0B90AB /* Pods-DNA.iOS.release.xcconfig */;
			buildSettings = {
				ALWAYS_EMBED_SWIFT_STANDARD_LIBRARIES = YES;
				ASSETCATALOG_COMPILER_APPICON_NAME = AppIcon;
				CODE_SIGN_STYLE = Automatic;
				DEVELOPMENT_TEAM = 5JYCV8J522;
				INFOPLIST_FILE = "$(SRCROOT)/DNA.iOS/Resources/Info.plist";
				LD_RUNPATH_SEARCH_PATHS = (
					"$(inherited)",
					"@executable_path/Frameworks",
				);
				PRODUCT_BUNDLE_IDENTIFIER = com.xamlab.dna.ios;
				PRODUCT_NAME = "$(TARGET_NAME)";
				SWIFT_VERSION = 5.0;
				TARGETED_DEVICE_FAMILY = "1,2";
			};
			name = Release;
		};
		BA056B7222E25DE800364519 /* Debug */ = {
			isa = XCBuildConfiguration;
			baseConfigurationReference = F9B657B301C3E305007F5BCF /* Pods-DNA.iOSTests.debug.xcconfig */;
			buildSettings = {
				ALWAYS_EMBED_SWIFT_STANDARD_LIBRARIES = "$(inherited)";
				BUNDLE_LOADER = "$(TEST_HOST)";
				CODE_SIGN_STYLE = Automatic;
				DEVELOPMENT_TEAM = 5JYCV8J522;
				INFOPLIST_FILE = DNA.iOSTests/Info.plist;
				LD_RUNPATH_SEARCH_PATHS = (
					"$(inherited)",
					"@executable_path/Frameworks",
					"@loader_path/Frameworks",
				);
				PRODUCT_BUNDLE_IDENTIFIER = "com.xamlab.DNA-iOSTests";
				PRODUCT_NAME = "$(TARGET_NAME)";
				SWIFT_VERSION = 5.0;
				TARGETED_DEVICE_FAMILY = "1,2";
				TEST_HOST = "$(BUILT_PRODUCTS_DIR)/DNA.iOS.app/DNA.iOS";
			};
			name = Debug;
		};
		BA056B7322E25DE800364519 /* Release */ = {
			isa = XCBuildConfiguration;
			baseConfigurationReference = FA9CCB91EBE0117DE728585A /* Pods-DNA.iOSTests.release.xcconfig */;
			buildSettings = {
				ALWAYS_EMBED_SWIFT_STANDARD_LIBRARIES = "$(inherited)";
				BUNDLE_LOADER = "$(TEST_HOST)";
				CODE_SIGN_STYLE = Automatic;
				DEVELOPMENT_TEAM = 5JYCV8J522;
				INFOPLIST_FILE = DNA.iOSTests/Info.plist;
				LD_RUNPATH_SEARCH_PATHS = (
					"$(inherited)",
					"@executable_path/Frameworks",
					"@loader_path/Frameworks",
				);
				PRODUCT_BUNDLE_IDENTIFIER = "com.xamlab.DNA-iOSTests";
				PRODUCT_NAME = "$(TARGET_NAME)";
				SWIFT_VERSION = 5.0;
				TARGETED_DEVICE_FAMILY = "1,2";
				TEST_HOST = "$(BUILT_PRODUCTS_DIR)/DNA.iOS.app/DNA.iOS";
			};
			name = Release;
		};
		BA056B9122E2624B00364519 /* Debug */ = {
			isa = XCBuildConfiguration;
			baseConfigurationReference = 9B5D4804DBF570155F361E52 /* Pods-DNA.iOS.Core.debug.xcconfig */;
			buildSettings = {
				CLANG_ENABLE_MODULES = YES;
				CODE_SIGN_IDENTITY = "";
				CODE_SIGN_STYLE = Automatic;
				CURRENT_PROJECT_VERSION = 1;
				DEFINES_MODULE = YES;
				DEVELOPMENT_TEAM = 5JYCV8J522;
				DYLIB_COMPATIBILITY_VERSION = 1;
				DYLIB_CURRENT_VERSION = 1;
				DYLIB_INSTALL_NAME_BASE = "@rpath";
				INFOPLIST_FILE = DNA.iOS.Core/Info.plist;
				INSTALL_PATH = "$(LOCAL_LIBRARY_DIR)/Frameworks";
				LD_RUNPATH_SEARCH_PATHS = (
					"$(inherited)",
					"@executable_path/Frameworks",
					"@loader_path/Frameworks",
				);
				PRODUCT_BUNDLE_IDENTIFIER = "com.xamlab.DNA-iOS-Core";
				PRODUCT_NAME = "$(TARGET_NAME:c99extidentifier)";
				SKIP_INSTALL = YES;
				SWIFT_OPTIMIZATION_LEVEL = "-Onone";
				SWIFT_VERSION = 5.0;
				TARGETED_DEVICE_FAMILY = "1,2";
				VERSIONING_SYSTEM = "apple-generic";
				VERSION_INFO_PREFIX = "";
			};
			name = Debug;
		};
		BA056B9222E2624B00364519 /* Release */ = {
			isa = XCBuildConfiguration;
			baseConfigurationReference = A73EFC57FFAA0CCA4BBE1DC3 /* Pods-DNA.iOS.Core.release.xcconfig */;
			buildSettings = {
				CLANG_ENABLE_MODULES = YES;
				CODE_SIGN_IDENTITY = "";
				CODE_SIGN_STYLE = Automatic;
				CURRENT_PROJECT_VERSION = 1;
				DEFINES_MODULE = YES;
				DEVELOPMENT_TEAM = 5JYCV8J522;
				DYLIB_COMPATIBILITY_VERSION = 1;
				DYLIB_CURRENT_VERSION = 1;
				DYLIB_INSTALL_NAME_BASE = "@rpath";
				INFOPLIST_FILE = DNA.iOS.Core/Info.plist;
				INSTALL_PATH = "$(LOCAL_LIBRARY_DIR)/Frameworks";
				LD_RUNPATH_SEARCH_PATHS = (
					"$(inherited)",
					"@executable_path/Frameworks",
					"@loader_path/Frameworks",
				);
				PRODUCT_BUNDLE_IDENTIFIER = "com.xamlab.DNA-iOS-Core";
				PRODUCT_NAME = "$(TARGET_NAME:c99extidentifier)";
				SKIP_INSTALL = YES;
				SWIFT_VERSION = 5.0;
				TARGETED_DEVICE_FAMILY = "1,2";
				VERSIONING_SYSTEM = "apple-generic";
				VERSION_INFO_PREFIX = "";
			};
			name = Release;
		};
		BA056B9522E2624B00364519 /* Debug */ = {
			isa = XCBuildConfiguration;
			baseConfigurationReference = 62613A878771F7BD7E26A302 /* Pods-DNA.iOS.CoreTests.debug.xcconfig */;
			buildSettings = {
				ALWAYS_EMBED_SWIFT_STANDARD_LIBRARIES = "$(inherited)";
				CODE_SIGN_STYLE = Automatic;
				DEVELOPMENT_TEAM = 5JYCV8J522;
				INFOPLIST_FILE = DNA.iOS.CoreTests/Info.plist;
				LD_RUNPATH_SEARCH_PATHS = (
					"$(inherited)",
					"@executable_path/Frameworks",
					"@loader_path/Frameworks",
				);
				PRODUCT_BUNDLE_IDENTIFIER = "com.xamlab.DNA-iOS-CoreTests";
				PRODUCT_NAME = "$(TARGET_NAME)";
				SWIFT_VERSION = 5.0;
				TARGETED_DEVICE_FAMILY = "1,2";
				TEST_HOST = "$(BUILT_PRODUCTS_DIR)/DNA.iOS.app/DNA.iOS";
			};
			name = Debug;
		};
		BA056B9622E2624B00364519 /* Release */ = {
			isa = XCBuildConfiguration;
			baseConfigurationReference = 23D847C7A92D8646CDB9D9F1 /* Pods-DNA.iOS.CoreTests.release.xcconfig */;
			buildSettings = {
				ALWAYS_EMBED_SWIFT_STANDARD_LIBRARIES = "$(inherited)";
				CODE_SIGN_STYLE = Automatic;
				DEVELOPMENT_TEAM = 5JYCV8J522;
				INFOPLIST_FILE = DNA.iOS.CoreTests/Info.plist;
				LD_RUNPATH_SEARCH_PATHS = (
					"$(inherited)",
					"@executable_path/Frameworks",
					"@loader_path/Frameworks",
				);
				PRODUCT_BUNDLE_IDENTIFIER = "com.xamlab.DNA-iOS-CoreTests";
				PRODUCT_NAME = "$(TARGET_NAME)";
				SWIFT_VERSION = 5.0;
				TARGETED_DEVICE_FAMILY = "1,2";
				TEST_HOST = "$(BUILT_PRODUCTS_DIR)/DNA.iOS.app/DNA.iOS";
			};
			name = Release;
		};
		BA056BB422E2626200364519 /* Debug */ = {
			isa = XCBuildConfiguration;
			baseConfigurationReference = F625D3AFA56A766F6FFE54E7 /* Pods-DNA.iOS.ViewModels.debug.xcconfig */;
			buildSettings = {
				CLANG_ENABLE_MODULES = YES;
				CODE_SIGN_IDENTITY = "";
				CODE_SIGN_STYLE = Automatic;
				CURRENT_PROJECT_VERSION = 1;
				DEFINES_MODULE = YES;
				DEVELOPMENT_TEAM = 5JYCV8J522;
				DYLIB_COMPATIBILITY_VERSION = 1;
				DYLIB_CURRENT_VERSION = 1;
				DYLIB_INSTALL_NAME_BASE = "@rpath";
				INFOPLIST_FILE = DNA.iOS.ViewModels/Info.plist;
				INSTALL_PATH = "$(LOCAL_LIBRARY_DIR)/Frameworks";
				LD_RUNPATH_SEARCH_PATHS = (
					"$(inherited)",
					"@executable_path/Frameworks",
					"@loader_path/Frameworks",
				);
				PRODUCT_BUNDLE_IDENTIFIER = "com.xamlab.DNA-iOS-ViewModels";
				PRODUCT_NAME = "$(TARGET_NAME:c99extidentifier)";
				SKIP_INSTALL = YES;
				SWIFT_OPTIMIZATION_LEVEL = "-Onone";
				SWIFT_VERSION = 5.0;
				TARGETED_DEVICE_FAMILY = "1,2";
				VERSIONING_SYSTEM = "apple-generic";
				VERSION_INFO_PREFIX = "";
			};
			name = Debug;
		};
		BA056BB522E2626200364519 /* Release */ = {
			isa = XCBuildConfiguration;
			baseConfigurationReference = 994C6FC992B67EEC8DCFD211 /* Pods-DNA.iOS.ViewModels.release.xcconfig */;
			buildSettings = {
				CLANG_ENABLE_MODULES = YES;
				CODE_SIGN_IDENTITY = "";
				CODE_SIGN_STYLE = Automatic;
				CURRENT_PROJECT_VERSION = 1;
				DEFINES_MODULE = YES;
				DEVELOPMENT_TEAM = 5JYCV8J522;
				DYLIB_COMPATIBILITY_VERSION = 1;
				DYLIB_CURRENT_VERSION = 1;
				DYLIB_INSTALL_NAME_BASE = "@rpath";
				INFOPLIST_FILE = DNA.iOS.ViewModels/Info.plist;
				INSTALL_PATH = "$(LOCAL_LIBRARY_DIR)/Frameworks";
				LD_RUNPATH_SEARCH_PATHS = (
					"$(inherited)",
					"@executable_path/Frameworks",
					"@loader_path/Frameworks",
				);
				PRODUCT_BUNDLE_IDENTIFIER = "com.xamlab.DNA-iOS-ViewModels";
				PRODUCT_NAME = "$(TARGET_NAME:c99extidentifier)";
				SKIP_INSTALL = YES;
				SWIFT_VERSION = 5.0;
				TARGETED_DEVICE_FAMILY = "1,2";
				VERSIONING_SYSTEM = "apple-generic";
				VERSION_INFO_PREFIX = "";
			};
			name = Release;
		};
		BA056BB722E2626200364519 /* Debug */ = {
			isa = XCBuildConfiguration;
			baseConfigurationReference = 58CD32697628A004070D58B7 /* Pods-DNA.iOS.ViewModelsTests.debug.xcconfig */;
			buildSettings = {
				ALWAYS_EMBED_SWIFT_STANDARD_LIBRARIES = "$(inherited)";
				CODE_SIGN_STYLE = Automatic;
				DEVELOPMENT_TEAM = 5JYCV8J522;
				INFOPLIST_FILE = DNA.iOS.ViewModelsTests/Info.plist;
				LD_RUNPATH_SEARCH_PATHS = (
					"$(inherited)",
					"@executable_path/Frameworks",
					"@loader_path/Frameworks",
				);
				PRODUCT_BUNDLE_IDENTIFIER = "com.xamlab.DNA-iOS-ViewModelsTests";
				PRODUCT_NAME = "$(TARGET_NAME)";
				SWIFT_VERSION = 5.0;
				TARGETED_DEVICE_FAMILY = "1,2";
				TEST_HOST = "$(BUILT_PRODUCTS_DIR)/DNA.iOS.app/DNA.iOS";
			};
			name = Debug;
		};
		BA056BB822E2626200364519 /* Release */ = {
			isa = XCBuildConfiguration;
			baseConfigurationReference = 58D473566254C69E416A59EB /* Pods-DNA.iOS.ViewModelsTests.release.xcconfig */;
			buildSettings = {
				ALWAYS_EMBED_SWIFT_STANDARD_LIBRARIES = "$(inherited)";
				CODE_SIGN_STYLE = Automatic;
				DEVELOPMENT_TEAM = 5JYCV8J522;
				INFOPLIST_FILE = DNA.iOS.ViewModelsTests/Info.plist;
				LD_RUNPATH_SEARCH_PATHS = (
					"$(inherited)",
					"@executable_path/Frameworks",
					"@loader_path/Frameworks",
				);
				PRODUCT_BUNDLE_IDENTIFIER = "com.xamlab.DNA-iOS-ViewModelsTests";
				PRODUCT_NAME = "$(TARGET_NAME)";
				SWIFT_VERSION = 5.0;
				TARGETED_DEVICE_FAMILY = "1,2";
				TEST_HOST = "$(BUILT_PRODUCTS_DIR)/DNA.iOS.app/DNA.iOS";
			};
			name = Release;
		};
/* End XCBuildConfiguration section */

/* Begin XCConfigurationList section */
		BA056B4C22E25DE600364519 /* Build configuration list for PBXProject "DNA.iOS" */ = {
			isa = XCConfigurationList;
			buildConfigurations = (
				BA056B6C22E25DE800364519 /* Debug */,
				BA056B6D22E25DE800364519 /* Release */,
			);
			defaultConfigurationIsVisible = 0;
			defaultConfigurationName = Release;
		};
		BA056B6E22E25DE800364519 /* Build configuration list for PBXNativeTarget "DNA.iOS" */ = {
			isa = XCConfigurationList;
			buildConfigurations = (
				BA056B6F22E25DE800364519 /* Debug */,
				BA056B7022E25DE800364519 /* Release */,
			);
			defaultConfigurationIsVisible = 0;
			defaultConfigurationName = Release;
		};
		BA056B7122E25DE800364519 /* Build configuration list for PBXNativeTarget "DNA.iOSTests" */ = {
			isa = XCConfigurationList;
			buildConfigurations = (
				BA056B7222E25DE800364519 /* Debug */,
				BA056B7322E25DE800364519 /* Release */,
			);
			defaultConfigurationIsVisible = 0;
			defaultConfigurationName = Release;
		};
		BA056B9022E2624B00364519 /* Build configuration list for PBXNativeTarget "DNA.iOS.Core" */ = {
			isa = XCConfigurationList;
			buildConfigurations = (
				BA056B9122E2624B00364519 /* Debug */,
				BA056B9222E2624B00364519 /* Release */,
			);
			defaultConfigurationIsVisible = 0;
			defaultConfigurationName = Release;
		};
		BA056B9422E2624B00364519 /* Build configuration list for PBXNativeTarget "DNA.iOS.CoreTests" */ = {
			isa = XCConfigurationList;
			buildConfigurations = (
				BA056B9522E2624B00364519 /* Debug */,
				BA056B9622E2624B00364519 /* Release */,
			);
			defaultConfigurationIsVisible = 0;
			defaultConfigurationName = Release;
		};
		BA056BB322E2626200364519 /* Build configuration list for PBXNativeTarget "DNA.iOS.ViewModels" */ = {
			isa = XCConfigurationList;
			buildConfigurations = (
				BA056BB422E2626200364519 /* Debug */,
				BA056BB522E2626200364519 /* Release */,
			);
			defaultConfigurationIsVisible = 0;
			defaultConfigurationName = Release;
		};
		BA056BB622E2626200364519 /* Build configuration list for PBXNativeTarget "DNA.iOS.ViewModelsTests" */ = {
			isa = XCConfigurationList;
			buildConfigurations = (
				BA056BB722E2626200364519 /* Debug */,
				BA056BB822E2626200364519 /* Release */,
			);
			defaultConfigurationIsVisible = 0;
			defaultConfigurationName = Release;
		};
/* End XCConfigurationList section */
	};
	rootObject = BA056B4922E25DE600364519 /* Project object */;
}
