PODS:
  - Alamofire (4.8.2)
  - Bond (7.4.3):
    - Differ (~> 1.3)
    - ReactiveKit (~> 3.10)
  - Cuckoo (0.13.0)
  - Differ (1.4.3)
  - Nimble (8.0.2)
  - OHHTTPStubs/Core (8.0.0)
  - OHHTTPStubs/Default (8.0.0):
    - OHHTTPStubs/Core
    - OHHTTPStubs/JSON
    - OHHTTPStubs/NSURLSession
    - OHHTTPStubs/OHPathHelpers
  - OHHTTPStubs/JSON (8.0.0):
    - OHHTTPStubs/Core
  - OHHTTPStubs/NSURLSession (8.0.0):
    - OHHTTPStubs/Core
  - OHHTTPStubs/OHPathHelpers (8.0.0)
  - OHHTTPStubs/Swift (8.0.0):
    - OHHTTPStubs/Default
  - PromisesObjC (1.2.8)
  - PromisesSwift (1.2.8):
    - PromisesObjC (= 1.2.8)
  - ReactiveKit (3.12.2)
  - Swinject (2.6.1)
  - SwinjectAutoregistration (2.5.0):
    - Swinject (~> 2.5)

DEPENDENCIES:
  - Alamofire (~> 4.8.2)
  - Bond (~> 7.4.1)
  - Cuckoo (~> 0.13.0)
  - Nimble (~> 8.0.1)
  - OHHTTPStubs/Swift (~> 8.0.0)
  - PromisesSwift (~> 1.2.8)
  - Swinject (~> 2.6.0)
  - SwinjectAutoregistration (= 2.5.0)

SPEC REPOS:
  https://github.com/cocoapods/specs.git:
    - Alamofire
    - Bond
    - Cuckoo
    - Differ
    - Nimble
    - OHHTTPStubs
    - PromisesObjC
    - PromisesSwift
    - ReactiveKit
    - Swinject
    - SwinjectAutoregistration

SPEC CHECKSUMS:
  Alamofire: ae5c501addb7afdbb13687d7f2f722c78734c2d3
  Bond: 3fd42e5786594704e6499069e9c31f35c7553a71
  Cuckoo: 3112ee8b01d84e21bde500a45f9992ac81d80006
  Differ: 6c7477d6187e8c36d02ec342a3c321061b85a0ea
  Nimble: 622629381bda1dd5678162f21f1368cec7cbba60
  OHHTTPStubs: 9cbce6364bec557cc3439aa6bb7514670d780881
  PromisesObjC: c119f3cd559f50b7ae681fa59dc1acd19173b7e6
  PromisesSwift: 37bad6f4daddb02f7c9c531efe91e8b21c13ee2f
  ReactiveKit: 33adc5550145e8200daa3eb210841f2a0be642c6
  Swinject: b624462f47b635a64f89a60a247baa5fccec14e1
  SwinjectAutoregistration: 0502a16e5f5baf181be80dc9510e0efa29130485

PODFILE CHECKSUM: 82c2d2747ee5bc25e08f015d6a06d6948d73b634

COCOAPODS: 1.6.1
